// !$*UTF8*$!
{
	archiveVersion = 1;
	classes = {
	};
	objectVersion = 46;
	objects = {

/* Begin PBXBuildFile section */
		40169A2E1889B7890058C43E /* libTestFlight.a in Frameworks */ = {isa = PBXBuildFile; fileRef = 40169A2A1889B7890058C43E /* libTestFlight.a */; };
		40169A301889BD380058C43E /* libz.dylib in Frameworks */ = {isa = PBXBuildFile; fileRef = 40169A2F1889BD380058C43E /* libz.dylib */; };
		403355501939483B00616619 /* .gitignore in Resources */ = {isa = PBXBuildFile; fileRef = 403354E91939483B00616619 /* .gitignore */; };
		403355511939483B00616619 /* DefaultTheme.bundle in Resources */ = {isa = PBXBuildFile; fileRef = 403354EA1939483B00616619 /* DefaultTheme.bundle */; };
		403355521939483B00616619 /* libNotificarePushLib.a in Frameworks */ = {isa = PBXBuildFile; fileRef = 403354EB1939483B00616619 /* libNotificarePushLib.a */; };
		403355531939483B00616619 /* Notificare.plist in Resources */ = {isa = PBXBuildFile; fileRef = 4033554D1939483B00616619 /* Notificare.plist */; };
		403355541939483B00616619 /* NotificareTags.plist in Resources */ = {isa = PBXBuildFile; fileRef = 4033554E1939483B00616619 /* NotificareTags.plist */; };
		403355551939483B00616619 /* README.md in Resources */ = {isa = PBXBuildFile; fileRef = 4033554F1939483B00616619 /* README.md */; };
		40C026111812A3C6006EEC3F /* NSAlert+MKNetworkKitAdditions.m in Sources */ = {isa = PBXBuildFile; fileRef = 40C025A81812A3C6006EEC3F /* NSAlert+MKNetworkKitAdditions.m */; };
		40C026121812A3C6006EEC3F /* NSData+MKBase64.m in Sources */ = {isa = PBXBuildFile; fileRef = 40C025AA1812A3C6006EEC3F /* NSData+MKBase64.m */; };
		40C026131812A3C6006EEC3F /* NSDate+RFC1123.m in Sources */ = {isa = PBXBuildFile; fileRef = 40C025AC1812A3C6006EEC3F /* NSDate+RFC1123.m */; };
		40C026141812A3C6006EEC3F /* NSDictionary+RequestEncoding.m in Sources */ = {isa = PBXBuildFile; fileRef = 40C025AE1812A3C6006EEC3F /* NSDictionary+RequestEncoding.m */; };
		40C026151812A3C6006EEC3F /* NSString+MKNetworkKitAdditions.m in Sources */ = {isa = PBXBuildFile; fileRef = 40C025B01812A3C6006EEC3F /* NSString+MKNetworkKitAdditions.m */; };
		40C026161812A3C6006EEC3F /* UIAlertView+MKNetworkKitAdditions.m in Sources */ = {isa = PBXBuildFile; fileRef = 40C025B21812A3C6006EEC3F /* UIAlertView+MKNetworkKitAdditions.m */; };
		40C026171812A3C6006EEC3F /* UIImageView+MKNetworkKitAdditions.m in Sources */ = {isa = PBXBuildFile; fileRef = 40C025B41812A3C6006EEC3F /* UIImageView+MKNetworkKitAdditions.m */; };
		40C026181812A3C6006EEC3F /* MKNetworkEngine.m in Sources */ = {isa = PBXBuildFile; fileRef = 40C025B61812A3C6006EEC3F /* MKNetworkEngine.m */; };
		40C026191812A3C6006EEC3F /* MKNetworkOperation.m in Sources */ = {isa = PBXBuildFile; fileRef = 40C025B91812A3C6006EEC3F /* MKNetworkOperation.m */; };
		40C0261A1812A3C6006EEC3F /* Reachability.m in Sources */ = {isa = PBXBuildFile; fileRef = 40C025BC1812A3C6006EEC3F /* Reachability.m */; };
		40C026251812A488006EEC3F /* ImageIO.framework in Frameworks */ = {isa = PBXBuildFile; fileRef = 40C026241812A488006EEC3F /* ImageIO.framework */; };
		5D43D0AB1708DB2500E360E9 /* QuartzCore.framework in Frameworks */ = {isa = PBXBuildFile; fileRef = 5D43D0AA1708DB2500E360E9 /* QuartzCore.framework */; };
		5DDC0F6216FCF9780019E5CC /* UIKit.framework in Frameworks */ = {isa = PBXBuildFile; fileRef = 5DDC0F6116FCF9780019E5CC /* UIKit.framework */; };
		5DDC0F6416FCF9780019E5CC /* Foundation.framework in Frameworks */ = {isa = PBXBuildFile; fileRef = 5DDC0F6316FCF9780019E5CC /* Foundation.framework */; };
		5DDC0F6616FCF9780019E5CC /* CoreGraphics.framework in Frameworks */ = {isa = PBXBuildFile; fileRef = 5DDC0F6516FCF9780019E5CC /* CoreGraphics.framework */; };
		5DDC0F6C16FCF9790019E5CC /* InfoPlist.strings in Resources */ = {isa = PBXBuildFile; fileRef = 5DDC0F6A16FCF9790019E5CC /* InfoPlist.strings */; };
		5DDC0F6E16FCF9790019E5CC /* main.m in Sources */ = {isa = PBXBuildFile; fileRef = 5DDC0F6D16FCF9790019E5CC /* main.m */; };
		5DDC0F7216FCF9790019E5CC /* TSAppDelegate.m in Sources */ = {isa = PBXBuildFile; fileRef = 5DDC0F7116FCF9790019E5CC /* TSAppDelegate.m */; };
		5DDC0F7416FCF9790019E5CC /* Default.png in Resources */ = {isa = PBXBuildFile; fileRef = 5DDC0F7316FCF9790019E5CC /* Default.png */; };
		5DDC0F7616FCF9790019E5CC /* Default@2x.png in Resources */ = {isa = PBXBuildFile; fileRef = 5DDC0F7516FCF9790019E5CC /* Default@2x.png */; };
		5DDC0F7816FCF9790019E5CC /* Default-568h@2x.png in Resources */ = {isa = PBXBuildFile; fileRef = 5DDC0F7716FCF9790019E5CC /* Default-568h@2x.png */; };
		5DDC0F7B16FCF9790019E5CC /* MainStoryboard_iPhone.storyboard in Resources */ = {isa = PBXBuildFile; fileRef = 5DDC0F7916FCF9790019E5CC /* MainStoryboard_iPhone.storyboard */; };
		5DDC0F7E16FCF9790019E5CC /* MainStoryboard_iPad.storyboard in Resources */ = {isa = PBXBuildFile; fileRef = 5DDC0F7C16FCF9790019E5CC /* MainStoryboard_iPad.storyboard */; };
		5DDC0F8116FCF9790019E5CC /* TSFirstViewController.m in Sources */ = {isa = PBXBuildFile; fileRef = 5DDC0F8016FCF9790019E5CC /* TSFirstViewController.m */; };
		5DDC0F8316FCF9790019E5CC /* first.png in Resources */ = {isa = PBXBuildFile; fileRef = 5DDC0F8216FCF9790019E5CC /* first.png */; };
		5DDC0F8516FCF9790019E5CC /* first@2x.png in Resources */ = {isa = PBXBuildFile; fileRef = 5DDC0F8416FCF9790019E5CC /* first@2x.png */; };
		5DDC0F8816FCF9790019E5CC /* TSSecondViewController.m in Sources */ = {isa = PBXBuildFile; fileRef = 5DDC0F8716FCF9790019E5CC /* TSSecondViewController.m */; };
		5DDC0F8A16FCF9790019E5CC /* second.png in Resources */ = {isa = PBXBuildFile; fileRef = 5DDC0F8916FCF9790019E5CC /* second.png */; };
		5DDC0F8C16FCF9790019E5CC /* second@2x.png in Resources */ = {isa = PBXBuildFile; fileRef = 5DDC0F8B16FCF9790019E5CC /* second@2x.png */; };
		5DDC0FDF16FCFAFE0019E5CC /* CoreLocation.framework in Frameworks */ = {isa = PBXBuildFile; fileRef = 5DDC0FDE16FCFAFE0019E5CC /* CoreLocation.framework */; };
		5DDC0FE116FCFB060019E5CC /* MobileCoreServices.framework in Frameworks */ = {isa = PBXBuildFile; fileRef = 5DDC0FE016FCFB060019E5CC /* MobileCoreServices.framework */; };
		5DDC0FE316FCFB0C0019E5CC /* MessageUI.framework in Frameworks */ = {isa = PBXBuildFile; fileRef = 5DDC0FE216FCFB0C0019E5CC /* MessageUI.framework */; };
		5DDC0FE516FCFB130019E5CC /* libicucore.dylib in Frameworks */ = {isa = PBXBuildFile; fileRef = 5DDC0FE416FCFB130019E5CC /* libicucore.dylib */; };
		5DDC0FE716FCFB1B0019E5CC /* PassKit.framework in Frameworks */ = {isa = PBXBuildFile; fileRef = 5DDC0FE616FCFB1B0019E5CC /* PassKit.framework */; };
		5DDC0FE916FCFB210019E5CC /* MapKit.framework in Frameworks */ = {isa = PBXBuildFile; fileRef = 5DDC0FE816FCFB210019E5CC /* MapKit.framework */; };
		5DDC0FEB16FCFB270019E5CC /* SystemConfiguration.framework in Frameworks */ = {isa = PBXBuildFile; fileRef = 5DDC0FEA16FCFB270019E5CC /* SystemConfiguration.framework */; };
		5DDC0FED16FCFB2D0019E5CC /* Security.framework in Frameworks */ = {isa = PBXBuildFile; fileRef = 5DDC0FEC16FCFB2D0019E5CC /* Security.framework */; };
		5DDC0FEF16FCFB330019E5CC /* CFNetwork.framework in Frameworks */ = {isa = PBXBuildFile; fileRef = 5DDC0FEE16FCFB330019E5CC /* CFNetwork.framework */; };
		5DDC0FFA16FCFE290019E5CC /* Icon-72.png in Resources */ = {isa = PBXBuildFile; fileRef = 5DDC0FF216FCFE290019E5CC /* Icon-72.png */; };
		5DDC0FFB16FCFE290019E5CC /* Icon-72@2x.png in Resources */ = {isa = PBXBuildFile; fileRef = 5DDC0FF316FCFE290019E5CC /* Icon-72@2x.png */; };
		5DDC0FFC16FCFE290019E5CC /* Icon-Small-50.png in Resources */ = {isa = PBXBuildFile; fileRef = 5DDC0FF416FCFE290019E5CC /* Icon-Small-50.png */; };
		5DDC0FFD16FCFE290019E5CC /* Icon-Small-50@2x.png in Resources */ = {isa = PBXBuildFile; fileRef = 5DDC0FF516FCFE290019E5CC /* Icon-Small-50@2x.png */; };
		5DDC0FFE16FCFE290019E5CC /* Icon-Small.png in Resources */ = {isa = PBXBuildFile; fileRef = 5DDC0FF616FCFE290019E5CC /* Icon-Small.png */; };
		5DDC0FFF16FCFE290019E5CC /* Icon-Small@2x.png in Resources */ = {isa = PBXBuildFile; fileRef = 5DDC0FF716FCFE290019E5CC /* Icon-Small@2x.png */; };
		5DDC100016FCFE290019E5CC /* Icon.png in Resources */ = {isa = PBXBuildFile; fileRef = 5DDC0FF816FCFE290019E5CC /* Icon.png */; };
		5DDC100116FCFE290019E5CC /* Icon@2x.png in Resources */ = {isa = PBXBuildFile; fileRef = 5DDC0FF916FCFE290019E5CC /* Icon@2x.png */; };
		5DE826731700E48500BA0247 /* TwitterEngine.m in Sources */ = {isa = PBXBuildFile; fileRef = 5DE826721700E48500BA0247 /* TwitterEngine.m */; };
/* End PBXBuildFile section */

/* Begin PBXFileReference section */
		40169A2A1889B7890058C43E /* libTestFlight.a */ = {isa = PBXFileReference; lastKnownFileType = archive.ar; path = libTestFlight.a; sourceTree = "<group>"; };
		40169A2B1889B7890058C43E /* TestFlight+AsyncLogging.h */ = {isa = PBXFileReference; fileEncoding = 4; lastKnownFileType = sourcecode.c.h; path = "TestFlight+AsyncLogging.h"; sourceTree = "<group>"; };
		40169A2C1889B7890058C43E /* TestFlight+ManualSessions.h */ = {isa = PBXFileReference; fileEncoding = 4; lastKnownFileType = sourcecode.c.h; path = "TestFlight+ManualSessions.h"; sourceTree = "<group>"; };
		40169A2D1889B7890058C43E /* TestFlight.h */ = {isa = PBXFileReference; fileEncoding = 4; lastKnownFileType = sourcecode.c.h; path = TestFlight.h; sourceTree = "<group>"; };
		40169A2F1889BD380058C43E /* libz.dylib */ = {isa = PBXFileReference; lastKnownFileType = "compiled.mach-o.dylib"; name = libz.dylib; path = usr/lib/libz.dylib; sourceTree = SDKROOT; };
		403354E91939483B00616619 /* .gitignore */ = {isa = PBXFileReference; fileEncoding = 4; lastKnownFileType = text; path = .gitignore; sourceTree = "<group>"; };
		403354EA1939483B00616619 /* DefaultTheme.bundle */ = {isa = PBXFileReference; lastKnownFileType = "wrapper.plug-in"; path = DefaultTheme.bundle; sourceTree = "<group>"; };
		403354EB1939483B00616619 /* libNotificarePushLib.a */ = {isa = PBXFileReference; lastKnownFileType = archive.ar; path = libNotificarePushLib.a; sourceTree = "<group>"; };
		403354EF1939483B00616619 /* ActionDelegate.h */ = {isa = PBXFileReference; fileEncoding = 4; lastKnownFileType = sourcecode.c.h; path = ActionDelegate.h; sourceTree = "<group>"; };
		403354F01939483B00616619 /* ActionType.h */ = {isa = PBXFileReference; fileEncoding = 4; lastKnownFileType = sourcecode.c.h; path = ActionType.h; sourceTree = "<group>"; };
		403354F21939483B00616619 /* NotificareApp.h */ = {isa = PBXFileReference; fileEncoding = 4; lastKnownFileType = sourcecode.c.h; path = NotificareApp.h; sourceTree = "<group>"; };
		403354F41939483B00616619 /* NotificareBrowser.h */ = {isa = PBXFileReference; fileEncoding = 4; lastKnownFileType = sourcecode.c.h; path = NotificareBrowser.h; sourceTree = "<group>"; };
		403354F61939483B00616619 /* NotificareCallback.h */ = {isa = PBXFileReference; fileEncoding = 4; lastKnownFileType = sourcecode.c.h; path = NotificareCallback.h; sourceTree = "<group>"; };
		403354F81939483B00616619 /* NotificareCustom.h */ = {isa = PBXFileReference; fileEncoding = 4; lastKnownFileType = sourcecode.c.h; path = NotificareCustom.h; sourceTree = "<group>"; };
		403354FA1939483B00616619 /* NotificareMail.h */ = {isa = PBXFileReference; fileEncoding = 4; lastKnownFileType = sourcecode.c.h; path = NotificareMail.h; sourceTree = "<group>"; };
		403354FC1939483B00616619 /* NotificareSMS.h */ = {isa = PBXFileReference; fileEncoding = 4; lastKnownFileType = sourcecode.c.h; path = NotificareSMS.h; sourceTree = "<group>"; };
		403354FE1939483B00616619 /* NotificareTelephone.h */ = {isa = PBXFileReference; fileEncoding = 4; lastKnownFileType = sourcecode.c.h; path = NotificareTelephone.h; sourceTree = "<group>"; };
		403355021939483B00616619 /* NSData+NotificareMKBase64.h */ = {isa = PBXFileReference; fileEncoding = 4; lastKnownFileType = sourcecode.c.h; path = "NSData+NotificareMKBase64.h"; sourceTree = "<group>"; };
		403355031939483B00616619 /* NSDate+NotificareRFC1123.h */ = {isa = PBXFileReference; fileEncoding = 4; lastKnownFileType = sourcecode.c.h; path = "NSDate+NotificareRFC1123.h"; sourceTree = "<group>"; };
		403355041939483B00616619 /* NSDictionary+NotificareRequestEncoding.h */ = {isa = PBXFileReference; fileEncoding = 4; lastKnownFileType = sourcecode.c.h; path = "NSDictionary+NotificareRequestEncoding.h"; sourceTree = "<group>"; };
		403355051939483B00616619 /* NSString+NotificareMKNetworkKitAdditions.h */ = {isa = PBXFileReference; fileEncoding = 4; lastKnownFileType = sourcecode.c.h; path = "NSString+NotificareMKNetworkKitAdditions.h"; sourceTree = "<group>"; };
		403355061939483B00616619 /* UIAlertView+NotificareMKNetworkKitAdditions.h */ = {isa = PBXFileReference; fileEncoding = 4; lastKnownFileType = sourcecode.c.h; path = "UIAlertView+NotificareMKNetworkKitAdditions.h"; sourceTree = "<group>"; };
		403355071939483B00616619 /* NotificareMKNetworkEngine.h */ = {isa = PBXFileReference; fileEncoding = 4; lastKnownFileType = sourcecode.c.h; path = NotificareMKNetworkEngine.h; sourceTree = "<group>"; };
		403355081939483B00616619 /* NotificareMKNetworkKit.h */ = {isa = PBXFileReference; fileEncoding = 4; lastKnownFileType = sourcecode.c.h; path = NotificareMKNetworkKit.h; sourceTree = "<group>"; };
		403355091939483B00616619 /* NotificareMKNetworkOperation.h */ = {isa = PBXFileReference; fileEncoding = 4; lastKnownFileType = sourcecode.c.h; path = NotificareMKNetworkOperation.h; sourceTree = "<group>"; };
		4033550B1939483B00616619 /* NotificareReachability.h */ = {isa = PBXFileReference; fileEncoding = 4; lastKnownFileType = sourcecode.c.h; path = NotificareReachability.h; sourceTree = "<group>"; };
		4033550D1939483B00616619 /* NotificareNXOAuth2.h */ = {isa = PBXFileReference; fileEncoding = 4; lastKnownFileType = sourcecode.c.h; path = NotificareNXOAuth2.h; sourceTree = "<group>"; };
		4033550E1939483B00616619 /* NotificareNXOAuth2AccessToken.h */ = {isa = PBXFileReference; fileEncoding = 4; lastKnownFileType = sourcecode.c.h; path = NotificareNXOAuth2AccessToken.h; sourceTree = "<group>"; };
		4033550F1939483B00616619 /* NotificareNXOAuth2Account+Private.h */ = {isa = PBXFileReference; fileEncoding = 4; lastKnownFileType = sourcecode.c.h; path = "NotificareNXOAuth2Account+Private.h"; sourceTree = "<group>"; };
		403355101939483B00616619 /* NotificareNXOAuth2Account.h */ = {isa = PBXFileReference; fileEncoding = 4; lastKnownFileType = sourcecode.c.h; path = NotificareNXOAuth2Account.h; sourceTree = "<group>"; };
		403355111939483B00616619 /* NotificareNXOAuth2AccountStore.h */ = {isa = PBXFileReference; fileEncoding = 4; lastKnownFileType = sourcecode.c.h; path = NotificareNXOAuth2AccountStore.h; sourceTree = "<group>"; };
		403355121939483B00616619 /* NotificareNXOAuth2Client.h */ = {isa = PBXFileReference; fileEncoding = 4; lastKnownFileType = sourcecode.c.h; path = NotificareNXOAuth2Client.h; sourceTree = "<group>"; };
		403355131939483B00616619 /* NotificareNXOAuth2ClientDelegate.h */ = {isa = PBXFileReference; fileEncoding = 4; lastKnownFileType = sourcecode.c.h; path = NotificareNXOAuth2ClientDelegate.h; sourceTree = "<group>"; };
		403355141939483B00616619 /* NotificareNXOAuth2Connection.h */ = {isa = PBXFileReference; fileEncoding = 4; lastKnownFileType = sourcecode.c.h; path = NotificareNXOAuth2Connection.h; sourceTree = "<group>"; };
		403355151939483B00616619 /* NotificareNXOAuth2ConnectionDelegate.h */ = {isa = PBXFileReference; fileEncoding = 4; lastKnownFileType = sourcecode.c.h; path = NotificareNXOAuth2ConnectionDelegate.h; sourceTree = "<group>"; };
		403355161939483B00616619 /* NotificareNXOAuth2Constants.h */ = {isa = PBXFileReference; fileEncoding = 4; lastKnownFileType = sourcecode.c.h; path = NotificareNXOAuth2Constants.h; sourceTree = "<group>"; };
		403355171939483B00616619 /* NotificareNXOAuth2FileStreamWrapper.h */ = {isa = PBXFileReference; fileEncoding = 4; lastKnownFileType = sourcecode.c.h; path = NotificareNXOAuth2FileStreamWrapper.h; sourceTree = "<group>"; };
		403355181939483B00616619 /* NotificareNXOAuth2PostBodyPart.h */ = {isa = PBXFileReference; fileEncoding = 4; lastKnownFileType = sourcecode.c.h; path = NotificareNXOAuth2PostBodyPart.h; sourceTree = "<group>"; };
		403355191939483B00616619 /* NotificareNXOAuth2PostBodyStream.h */ = {isa = PBXFileReference; fileEncoding = 4; lastKnownFileType = sourcecode.c.h; path = NotificareNXOAuth2PostBodyStream.h; sourceTree = "<group>"; };
		4033551A1939483B00616619 /* NotificareNXOAuth2Request.h */ = {isa = PBXFileReference; fileEncoding = 4; lastKnownFileType = sourcecode.c.h; path = NotificareNXOAuth2Request.h; sourceTree = "<group>"; };
		4033551B1939483B00616619 /* NotificareNXOAuth2TrustDelegate.h */ = {isa = PBXFileReference; fileEncoding = 4; lastKnownFileType = sourcecode.c.h; path = NotificareNXOAuth2TrustDelegate.h; sourceTree = "<group>"; };
		4033551C1939483B00616619 /* NSData+NotificareNXOAuth2.h */ = {isa = PBXFileReference; fileEncoding = 4; lastKnownFileType = sourcecode.c.h; path = "NSData+NotificareNXOAuth2.h"; sourceTree = "<group>"; };
		4033551D1939483B00616619 /* NSString+NotificareNXOAuth2.h */ = {isa = PBXFileReference; fileEncoding = 4; lastKnownFileType = sourcecode.c.h; path = "NSString+NotificareNXOAuth2.h"; sourceTree = "<group>"; };
		4033551E1939483B00616619 /* NSURL+NotificareNXOAuth2.h */ = {isa = PBXFileReference; fileEncoding = 4; lastKnownFileType = sourcecode.c.h; path = "NSURL+NotificareNXOAuth2.h"; sourceTree = "<group>"; };
		403355201939483B00616619 /* base64.h */ = {isa = PBXFileReference; fileEncoding = 4; lastKnownFileType = sourcecode.c.h; path = base64.h; sourceTree = "<group>"; };
		403355211939483B00616619 /* NSData+SRB64Additions.h */ = {isa = PBXFileReference; fileEncoding = 4; lastKnownFileType = sourcecode.c.h; path = "NSData+SRB64Additions.h"; sourceTree = "<group>"; };
		403355221939483B00616619 /* SocketRocket-Prefix.pch */ = {isa = PBXFileReference; fileEncoding = 4; lastKnownFileType = sourcecode.c.h; path = "SocketRocket-Prefix.pch"; sourceTree = "<group>"; };
		403355231939483B00616619 /* SRWebSocket.h */ = {isa = PBXFileReference; fileEncoding = 4; lastKnownFileType = sourcecode.c.h; path = SRWebSocket.h; sourceTree = "<group>"; };
		403355251939483B00616619 /* Action.h */ = {isa = PBXFileReference; fileEncoding = 4; lastKnownFileType = sourcecode.c.h; path = Action.h; sourceTree = "<group>"; };
		403355261939483B00616619 /* Attachment.h */ = {isa = PBXFileReference; fileEncoding = 4; lastKnownFileType = sourcecode.c.h; path = Attachment.h; sourceTree = "<group>"; };
		403355271939483B00616619 /* Content.h */ = {isa = PBXFileReference; fileEncoding = 4; lastKnownFileType = sourcecode.c.h; path = Content.h; sourceTree = "<group>"; };
		403355281939483B00616619 /* Notification.h */ = {isa = PBXFileReference; fileEncoding = 4; lastKnownFileType = sourcecode.c.h; path = Notification.h; sourceTree = "<group>"; };
		403355291939483B00616619 /* Notificare.h */ = {isa = PBXFileReference; fileEncoding = 4; lastKnownFileType = sourcecode.c.h; path = Notificare.h; sourceTree = "<group>"; };
		4033552A1939483B00616619 /* NotificareActions.h */ = {isa = PBXFileReference; fileEncoding = 4; lastKnownFileType = sourcecode.c.h; path = NotificareActions.h; sourceTree = "<group>"; };
		4033552B1939483B00616619 /* NotificareEngine.h */ = {isa = PBXFileReference; fileEncoding = 4; lastKnownFileType = sourcecode.c.h; path = NotificareEngine.h; sourceTree = "<group>"; };
		4033552C1939483B00616619 /* NotificarePushLib.h */ = {isa = PBXFileReference; fileEncoding = 4; lastKnownFileType = sourcecode.c.h; path = NotificarePushLib.h; sourceTree = "<group>"; };
		4033552E1939483B00616619 /* NSData+Hex.h */ = {isa = PBXFileReference; fileEncoding = 4; lastKnownFileType = sourcecode.c.h; path = "NSData+Hex.h"; sourceTree = "<group>"; };
		4033552F1939483B00616619 /* NSDictionary+FromPlist.h */ = {isa = PBXFileReference; fileEncoding = 4; lastKnownFileType = sourcecode.c.h; path = "NSDictionary+FromPlist.h"; sourceTree = "<group>"; };
		403355301939483B00616619 /* NSString+FromBundle.h */ = {isa = PBXFileReference; fileEncoding = 4; lastKnownFileType = sourcecode.c.h; path = "NSString+FromBundle.h"; sourceTree = "<group>"; };
		403355311939483B00616619 /* NSString+Utils.h */ = {isa = PBXFileReference; fileEncoding = 4; lastKnownFileType = sourcecode.c.h; path = "NSString+Utils.h"; sourceTree = "<group>"; };
		403355321939483B00616619 /* UIImage+FromBundle.h */ = {isa = PBXFileReference; fileEncoding = 4; lastKnownFileType = sourcecode.c.h; path = "UIImage+FromBundle.h"; sourceTree = "<group>"; };
		403355351939483B00616619 /* NotificareAlert.h */ = {isa = PBXFileReference; fileEncoding = 4; lastKnownFileType = sourcecode.c.h; path = NotificareAlert.h; sourceTree = "<group>"; };
		403355371939483B00616619 /* NotificareBeacons.h */ = {isa = PBXFileReference; fileEncoding = 4; lastKnownFileType = sourcecode.c.h; path = NotificareBeacons.h; sourceTree = "<group>"; };
		403355391939483B00616619 /* NotificareForm.h */ = {isa = PBXFileReference; fileEncoding = 4; lastKnownFileType = sourcecode.c.h; path = NotificareForm.h; sourceTree = "<group>"; };
		4033553B1939483B00616619 /* NotificareImage.h */ = {isa = PBXFileReference; fileEncoding = 4; lastKnownFileType = sourcecode.c.h; path = NotificareImage.h; sourceTree = "<group>"; };
		4033553D1939483B00616619 /* NotificareLocation.h */ = {isa = PBXFileReference; fileEncoding = 4; lastKnownFileType = sourcecode.c.h; path = NotificareLocation.h; sourceTree = "<group>"; };
		4033553E1939483B00616619 /* NotificareMap.h */ = {isa = PBXFileReference; fileEncoding = 4; lastKnownFileType = sourcecode.c.h; path = NotificareMap.h; sourceTree = "<group>"; };
		4033553F1939483B00616619 /* NotificationDelegate.h */ = {isa = PBXFileReference; fileEncoding = 4; lastKnownFileType = sourcecode.c.h; path = NotificationDelegate.h; sourceTree = "<group>"; };
		403355401939483B00616619 /* NotificationType.h */ = {isa = PBXFileReference; fileEncoding = 4; lastKnownFileType = sourcecode.c.h; path = NotificationType.h; sourceTree = "<group>"; };
		403355421939483B00616619 /* NotificarePassbook.h */ = {isa = PBXFileReference; fileEncoding = 4; lastKnownFileType = sourcecode.c.h; path = NotificarePassbook.h; sourceTree = "<group>"; };
		403355441939483B00616619 /* NotificareRate.h */ = {isa = PBXFileReference; fileEncoding = 4; lastKnownFileType = sourcecode.c.h; path = NotificareRate.h; sourceTree = "<group>"; };
		403355461939483B00616619 /* NotificareURL.h */ = {isa = PBXFileReference; fileEncoding = 4; lastKnownFileType = sourcecode.c.h; path = NotificareURL.h; sourceTree = "<group>"; };
		403355481939483B00616619 /* NotificareUserPreferences.h */ = {isa = PBXFileReference; fileEncoding = 4; lastKnownFileType = sourcecode.c.h; path = NotificareUserPreferences.h; sourceTree = "<group>"; };
		4033554A1939483B00616619 /* NotificareVideo.h */ = {isa = PBXFileReference; fileEncoding = 4; lastKnownFileType = sourcecode.c.h; path = NotificareVideo.h; sourceTree = "<group>"; };
		4033554C1939483B00616619 /* NotificareWebView.h */ = {isa = PBXFileReference; fileEncoding = 4; lastKnownFileType = sourcecode.c.h; path = NotificareWebView.h; sourceTree = "<group>"; };
		4033554D1939483B00616619 /* Notificare.plist */ = {isa = PBXFileReference; fileEncoding = 4; lastKnownFileType = text.plist.xml; path = Notificare.plist; sourceTree = "<group>"; };
		4033554E1939483B00616619 /* NotificareTags.plist */ = {isa = PBXFileReference; fileEncoding = 4; lastKnownFileType = text.plist.xml; path = NotificareTags.plist; sourceTree = "<group>"; };
		4033554F1939483B00616619 /* README.md */ = {isa = PBXFileReference; fileEncoding = 4; lastKnownFileType = text; path = README.md; sourceTree = "<group>"; };
		40C025A71812A3C6006EEC3F /* NSAlert+MKNetworkKitAdditions.h */ = {isa = PBXFileReference; fileEncoding = 4; lastKnownFileType = sourcecode.c.h; path = "NSAlert+MKNetworkKitAdditions.h"; sourceTree = "<group>"; };
		40C025A81812A3C6006EEC3F /* NSAlert+MKNetworkKitAdditions.m */ = {isa = PBXFileReference; fileEncoding = 4; lastKnownFileType = sourcecode.c.objc; path = "NSAlert+MKNetworkKitAdditions.m"; sourceTree = "<group>"; };
		40C025A91812A3C6006EEC3F /* NSData+MKBase64.h */ = {isa = PBXFileReference; fileEncoding = 4; lastKnownFileType = sourcecode.c.h; path = "NSData+MKBase64.h"; sourceTree = "<group>"; };
		40C025AA1812A3C6006EEC3F /* NSData+MKBase64.m */ = {isa = PBXFileReference; fileEncoding = 4; lastKnownFileType = sourcecode.c.objc; path = "NSData+MKBase64.m"; sourceTree = "<group>"; };
		40C025AB1812A3C6006EEC3F /* NSDate+RFC1123.h */ = {isa = PBXFileReference; fileEncoding = 4; lastKnownFileType = sourcecode.c.h; path = "NSDate+RFC1123.h"; sourceTree = "<group>"; };
		40C025AC1812A3C6006EEC3F /* NSDate+RFC1123.m */ = {isa = PBXFileReference; fileEncoding = 4; lastKnownFileType = sourcecode.c.objc; path = "NSDate+RFC1123.m"; sourceTree = "<group>"; };
		40C025AD1812A3C6006EEC3F /* NSDictionary+RequestEncoding.h */ = {isa = PBXFileReference; fileEncoding = 4; lastKnownFileType = sourcecode.c.h; path = "NSDictionary+RequestEncoding.h"; sourceTree = "<group>"; };
		40C025AE1812A3C6006EEC3F /* NSDictionary+RequestEncoding.m */ = {isa = PBXFileReference; fileEncoding = 4; lastKnownFileType = sourcecode.c.objc; path = "NSDictionary+RequestEncoding.m"; sourceTree = "<group>"; };
		40C025AF1812A3C6006EEC3F /* NSString+MKNetworkKitAdditions.h */ = {isa = PBXFileReference; fileEncoding = 4; lastKnownFileType = sourcecode.c.h; path = "NSString+MKNetworkKitAdditions.h"; sourceTree = "<group>"; };
		40C025B01812A3C6006EEC3F /* NSString+MKNetworkKitAdditions.m */ = {isa = PBXFileReference; fileEncoding = 4; lastKnownFileType = sourcecode.c.objc; path = "NSString+MKNetworkKitAdditions.m"; sourceTree = "<group>"; };
		40C025B11812A3C6006EEC3F /* UIAlertView+MKNetworkKitAdditions.h */ = {isa = PBXFileReference; fileEncoding = 4; lastKnownFileType = sourcecode.c.h; path = "UIAlertView+MKNetworkKitAdditions.h"; sourceTree = "<group>"; };
		40C025B21812A3C6006EEC3F /* UIAlertView+MKNetworkKitAdditions.m */ = {isa = PBXFileReference; fileEncoding = 4; lastKnownFileType = sourcecode.c.objc; path = "UIAlertView+MKNetworkKitAdditions.m"; sourceTree = "<group>"; };
		40C025B31812A3C6006EEC3F /* UIImageView+MKNetworkKitAdditions.h */ = {isa = PBXFileReference; fileEncoding = 4; lastKnownFileType = sourcecode.c.h; path = "UIImageView+MKNetworkKitAdditions.h"; sourceTree = "<group>"; };
		40C025B41812A3C6006EEC3F /* UIImageView+MKNetworkKitAdditions.m */ = {isa = PBXFileReference; fileEncoding = 4; lastKnownFileType = sourcecode.c.objc; path = "UIImageView+MKNetworkKitAdditions.m"; sourceTree = "<group>"; };
		40C025B51812A3C6006EEC3F /* MKNetworkEngine.h */ = {isa = PBXFileReference; fileEncoding = 4; lastKnownFileType = sourcecode.c.h; path = MKNetworkEngine.h; sourceTree = "<group>"; };
		40C025B61812A3C6006EEC3F /* MKNetworkEngine.m */ = {isa = PBXFileReference; fileEncoding = 4; lastKnownFileType = sourcecode.c.objc; path = MKNetworkEngine.m; sourceTree = "<group>"; };
		40C025B71812A3C6006EEC3F /* MKNetworkKit.h */ = {isa = PBXFileReference; fileEncoding = 4; lastKnownFileType = sourcecode.c.h; path = MKNetworkKit.h; sourceTree = "<group>"; };
		40C025B81812A3C6006EEC3F /* MKNetworkOperation.h */ = {isa = PBXFileReference; fileEncoding = 4; lastKnownFileType = sourcecode.c.h; path = MKNetworkOperation.h; sourceTree = "<group>"; };
		40C025B91812A3C6006EEC3F /* MKNetworkOperation.m */ = {isa = PBXFileReference; fileEncoding = 4; lastKnownFileType = sourcecode.c.objc; path = MKNetworkOperation.m; sourceTree = "<group>"; };
		40C025BB1812A3C6006EEC3F /* Reachability.h */ = {isa = PBXFileReference; fileEncoding = 4; lastKnownFileType = sourcecode.c.h; path = Reachability.h; sourceTree = "<group>"; };
		40C025BC1812A3C6006EEC3F /* Reachability.m */ = {isa = PBXFileReference; fileEncoding = 4; lastKnownFileType = sourcecode.c.objc; path = Reachability.m; sourceTree = "<group>"; };
		40C026241812A488006EEC3F /* ImageIO.framework */ = {isa = PBXFileReference; lastKnownFileType = wrapper.framework; name = ImageIO.framework; path = System/Library/Frameworks/ImageIO.framework; sourceTree = SDKROOT; };
		5D43D0AA1708DB2500E360E9 /* QuartzCore.framework */ = {isa = PBXFileReference; lastKnownFileType = wrapper.framework; name = QuartzCore.framework; path = System/Library/Frameworks/QuartzCore.framework; sourceTree = SDKROOT; };
		5DDC0F5E16FCF9780019E5CC /* NotificareDemoApp.app */ = {isa = PBXFileReference; explicitFileType = wrapper.application; includeInIndex = 0; path = NotificareDemoApp.app; sourceTree = BUILT_PRODUCTS_DIR; };
		5DDC0F6116FCF9780019E5CC /* UIKit.framework */ = {isa = PBXFileReference; lastKnownFileType = wrapper.framework; name = UIKit.framework; path = System/Library/Frameworks/UIKit.framework; sourceTree = SDKROOT; };
		5DDC0F6316FCF9780019E5CC /* Foundation.framework */ = {isa = PBXFileReference; lastKnownFileType = wrapper.framework; name = Foundation.framework; path = System/Library/Frameworks/Foundation.framework; sourceTree = SDKROOT; };
		5DDC0F6516FCF9780019E5CC /* CoreGraphics.framework */ = {isa = PBXFileReference; lastKnownFileType = wrapper.framework; name = CoreGraphics.framework; path = System/Library/Frameworks/CoreGraphics.framework; sourceTree = SDKROOT; };
		5DDC0F6916FCF9780019E5CC /* NotificareDemoApp-Info.plist */ = {isa = PBXFileReference; lastKnownFileType = text.plist.xml; path = "NotificareDemoApp-Info.plist"; sourceTree = "<group>"; };
		5DDC0F6B16FCF9790019E5CC /* en */ = {isa = PBXFileReference; lastKnownFileType = text.plist.strings; name = en; path = en.lproj/InfoPlist.strings; sourceTree = "<group>"; };
		5DDC0F6D16FCF9790019E5CC /* main.m */ = {isa = PBXFileReference; lastKnownFileType = sourcecode.c.objc; path = main.m; sourceTree = "<group>"; };
		5DDC0F6F16FCF9790019E5CC /* NotificareDemoApp-Prefix.pch */ = {isa = PBXFileReference; lastKnownFileType = sourcecode.c.h; path = "NotificareDemoApp-Prefix.pch"; sourceTree = "<group>"; };
		5DDC0F7016FCF9790019E5CC /* TSAppDelegate.h */ = {isa = PBXFileReference; lastKnownFileType = sourcecode.c.h; path = TSAppDelegate.h; sourceTree = "<group>"; };
		5DDC0F7116FCF9790019E5CC /* TSAppDelegate.m */ = {isa = PBXFileReference; lastKnownFileType = sourcecode.c.objc; path = TSAppDelegate.m; sourceTree = "<group>"; };
		5DDC0F7316FCF9790019E5CC /* Default.png */ = {isa = PBXFileReference; lastKnownFileType = image.png; path = Default.png; sourceTree = "<group>"; };
		5DDC0F7516FCF9790019E5CC /* Default@2x.png */ = {isa = PBXFileReference; lastKnownFileType = image.png; path = "Default@2x.png"; sourceTree = "<group>"; };
		5DDC0F7716FCF9790019E5CC /* Default-568h@2x.png */ = {isa = PBXFileReference; lastKnownFileType = image.png; path = "Default-568h@2x.png"; sourceTree = "<group>"; };
		5DDC0F7A16FCF9790019E5CC /* en */ = {isa = PBXFileReference; lastKnownFileType = file.storyboard; name = en; path = en.lproj/MainStoryboard_iPhone.storyboard; sourceTree = "<group>"; };
		5DDC0F7D16FCF9790019E5CC /* en */ = {isa = PBXFileReference; lastKnownFileType = file.storyboard; name = en; path = en.lproj/MainStoryboard_iPad.storyboard; sourceTree = "<group>"; };
		5DDC0F7F16FCF9790019E5CC /* TSFirstViewController.h */ = {isa = PBXFileReference; lastKnownFileType = sourcecode.c.h; path = TSFirstViewController.h; sourceTree = "<group>"; };
		5DDC0F8016FCF9790019E5CC /* TSFirstViewController.m */ = {isa = PBXFileReference; lastKnownFileType = sourcecode.c.objc; path = TSFirstViewController.m; sourceTree = "<group>"; };
		5DDC0F8216FCF9790019E5CC /* first.png */ = {isa = PBXFileReference; lastKnownFileType = image.png; path = first.png; sourceTree = "<group>"; };
		5DDC0F8416FCF9790019E5CC /* first@2x.png */ = {isa = PBXFileReference; lastKnownFileType = image.png; path = "first@2x.png"; sourceTree = "<group>"; };
		5DDC0F8616FCF9790019E5CC /* TSSecondViewController.h */ = {isa = PBXFileReference; lastKnownFileType = sourcecode.c.h; path = TSSecondViewController.h; sourceTree = "<group>"; };
		5DDC0F8716FCF9790019E5CC /* TSSecondViewController.m */ = {isa = PBXFileReference; lastKnownFileType = sourcecode.c.objc; path = TSSecondViewController.m; sourceTree = "<group>"; };
		5DDC0F8916FCF9790019E5CC /* second.png */ = {isa = PBXFileReference; lastKnownFileType = image.png; path = second.png; sourceTree = "<group>"; };
		5DDC0F8B16FCF9790019E5CC /* second@2x.png */ = {isa = PBXFileReference; lastKnownFileType = image.png; path = "second@2x.png"; sourceTree = "<group>"; };
		5DDC0FDE16FCFAFE0019E5CC /* CoreLocation.framework */ = {isa = PBXFileReference; lastKnownFileType = wrapper.framework; name = CoreLocation.framework; path = System/Library/Frameworks/CoreLocation.framework; sourceTree = SDKROOT; };
		5DDC0FE016FCFB060019E5CC /* MobileCoreServices.framework */ = {isa = PBXFileReference; lastKnownFileType = wrapper.framework; name = MobileCoreServices.framework; path = System/Library/Frameworks/MobileCoreServices.framework; sourceTree = SDKROOT; };
		5DDC0FE216FCFB0C0019E5CC /* MessageUI.framework */ = {isa = PBXFileReference; lastKnownFileType = wrapper.framework; name = MessageUI.framework; path = System/Library/Frameworks/MessageUI.framework; sourceTree = SDKROOT; };
		5DDC0FE416FCFB130019E5CC /* libicucore.dylib */ = {isa = PBXFileReference; lastKnownFileType = "compiled.mach-o.dylib"; name = libicucore.dylib; path = usr/lib/libicucore.dylib; sourceTree = SDKROOT; };
		5DDC0FE616FCFB1B0019E5CC /* PassKit.framework */ = {isa = PBXFileReference; lastKnownFileType = wrapper.framework; name = PassKit.framework; path = System/Library/Frameworks/PassKit.framework; sourceTree = SDKROOT; };
		5DDC0FE816FCFB210019E5CC /* MapKit.framework */ = {isa = PBXFileReference; lastKnownFileType = wrapper.framework; name = MapKit.framework; path = System/Library/Frameworks/MapKit.framework; sourceTree = SDKROOT; };
		5DDC0FEA16FCFB270019E5CC /* SystemConfiguration.framework */ = {isa = PBXFileReference; lastKnownFileType = wrapper.framework; name = SystemConfiguration.framework; path = System/Library/Frameworks/SystemConfiguration.framework; sourceTree = SDKROOT; };
		5DDC0FEC16FCFB2D0019E5CC /* Security.framework */ = {isa = PBXFileReference; lastKnownFileType = wrapper.framework; name = Security.framework; path = System/Library/Frameworks/Security.framework; sourceTree = SDKROOT; };
		5DDC0FEE16FCFB330019E5CC /* CFNetwork.framework */ = {isa = PBXFileReference; lastKnownFileType = wrapper.framework; name = CFNetwork.framework; path = System/Library/Frameworks/CFNetwork.framework; sourceTree = SDKROOT; };
		5DDC0FF216FCFE290019E5CC /* Icon-72.png */ = {isa = PBXFileReference; lastKnownFileType = image.png; path = "Icon-72.png"; sourceTree = "<group>"; };
		5DDC0FF316FCFE290019E5CC /* Icon-72@2x.png */ = {isa = PBXFileReference; lastKnownFileType = image.png; path = "Icon-72@2x.png"; sourceTree = "<group>"; };
		5DDC0FF416FCFE290019E5CC /* Icon-Small-50.png */ = {isa = PBXFileReference; lastKnownFileType = image.png; path = "Icon-Small-50.png"; sourceTree = "<group>"; };
		5DDC0FF516FCFE290019E5CC /* Icon-Small-50@2x.png */ = {isa = PBXFileReference; lastKnownFileType = image.png; path = "Icon-Small-50@2x.png"; sourceTree = "<group>"; };
		5DDC0FF616FCFE290019E5CC /* Icon-Small.png */ = {isa = PBXFileReference; lastKnownFileType = image.png; path = "Icon-Small.png"; sourceTree = "<group>"; };
		5DDC0FF716FCFE290019E5CC /* Icon-Small@2x.png */ = {isa = PBXFileReference; lastKnownFileType = image.png; path = "Icon-Small@2x.png"; sourceTree = "<group>"; };
		5DDC0FF816FCFE290019E5CC /* Icon.png */ = {isa = PBXFileReference; lastKnownFileType = image.png; path = Icon.png; sourceTree = "<group>"; };
		5DDC0FF916FCFE290019E5CC /* Icon@2x.png */ = {isa = PBXFileReference; lastKnownFileType = image.png; path = "Icon@2x.png"; sourceTree = "<group>"; };
		5DE826711700E48500BA0247 /* TwitterEngine.h */ = {isa = PBXFileReference; fileEncoding = 4; lastKnownFileType = sourcecode.c.h; name = TwitterEngine.h; path = NotificareDemoApp/Engines/TwitterEngine.h; sourceTree = SOURCE_ROOT; };
		5DE826721700E48500BA0247 /* TwitterEngine.m */ = {isa = PBXFileReference; fileEncoding = 4; lastKnownFileType = sourcecode.c.objc; name = TwitterEngine.m; path = NotificareDemoApp/Engines/TwitterEngine.m; sourceTree = SOURCE_ROOT; };
/* End PBXFileReference section */

/* Begin PBXFrameworksBuildPhase section */
		5DDC0F5B16FCF9780019E5CC /* Frameworks */ = {
			isa = PBXFrameworksBuildPhase;
			buildActionMask = 2147483647;
			files = (
				40169A301889BD380058C43E /* libz.dylib in Frameworks */,
				40C026251812A488006EEC3F /* ImageIO.framework in Frameworks */,
				5D43D0AB1708DB2500E360E9 /* QuartzCore.framework in Frameworks */,
				5DDC0FEF16FCFB330019E5CC /* CFNetwork.framework in Frameworks */,
				40169A2E1889B7890058C43E /* libTestFlight.a in Frameworks */,
				5DDC0FED16FCFB2D0019E5CC /* Security.framework in Frameworks */,
				5DDC0FEB16FCFB270019E5CC /* SystemConfiguration.framework in Frameworks */,
				5DDC0FE916FCFB210019E5CC /* MapKit.framework in Frameworks */,
				5DDC0FE716FCFB1B0019E5CC /* PassKit.framework in Frameworks */,
				5DDC0FE516FCFB130019E5CC /* libicucore.dylib in Frameworks */,
				5DDC0FE316FCFB0C0019E5CC /* MessageUI.framework in Frameworks */,
				403355521939483B00616619 /* libNotificarePushLib.a in Frameworks */,
				5DDC0FE116FCFB060019E5CC /* MobileCoreServices.framework in Frameworks */,
				5DDC0FDF16FCFAFE0019E5CC /* CoreLocation.framework in Frameworks */,
				5DDC0F6216FCF9780019E5CC /* UIKit.framework in Frameworks */,
				5DDC0F6416FCF9780019E5CC /* Foundation.framework in Frameworks */,
				5DDC0F6616FCF9780019E5CC /* CoreGraphics.framework in Frameworks */,
			);
			runOnlyForDeploymentPostprocessing = 0;
		};
/* End PBXFrameworksBuildPhase section */

/* Begin PBXGroup section */
		400FA8FC187B15E30022DAE8 /* Cells */ = {
			isa = PBXGroup;
			children = (
			);
			path = Cells;
			sourceTree = "<group>";
		};
		40169A291889B7890058C43E /* testflight-sdk */ = {
			isa = PBXGroup;
			children = (
				40169A2A1889B7890058C43E /* libTestFlight.a */,
				40169A2B1889B7890058C43E /* TestFlight+AsyncLogging.h */,
				40169A2C1889B7890058C43E /* TestFlight+ManualSessions.h */,
				40169A2D1889B7890058C43E /* TestFlight.h */,
			);
			path = "testflight-sdk";
			sourceTree = "<group>";
		};
		403354E81939483B00616619 /* notificare-push-lib-1.0.0 */ = {
			isa = PBXGroup;
			children = (
				403354E91939483B00616619 /* .gitignore */,
				403354EA1939483B00616619 /* DefaultTheme.bundle */,
				403354EB1939483B00616619 /* libNotificarePushLib.a */,
				403354EC1939483B00616619 /* Notificare */,
				4033554D1939483B00616619 /* Notificare.plist */,
				4033554E1939483B00616619 /* NotificareTags.plist */,
				4033554F1939483B00616619 /* README.md */,
			);
			path = "notificare-push-lib-1.0.0";
			sourceTree = "<group>";
		};
		403354EC1939483B00616619 /* Notificare */ = {
			isa = PBXGroup;
			children = (
				403354ED1939483B00616619 /* NotificarePushLib */,
			);
			path = Notificare;
			sourceTree = "<group>";
		};
		403354ED1939483B00616619 /* NotificarePushLib */ = {
			isa = PBXGroup;
			children = (
				403354EE1939483B00616619 /* Actions */,
				403354FF1939483B00616619 /* Libraries */,
				403355241939483B00616619 /* Models */,
				403355291939483B00616619 /* Notificare.h */,
				4033552A1939483B00616619 /* NotificareActions.h */,
				4033552B1939483B00616619 /* NotificareEngine.h */,
				4033552C1939483B00616619 /* NotificarePushLib.h */,
				4033552D1939483B00616619 /* Shared */,
				403355331939483B00616619 /* Types */,
			);
			path = NotificarePushLib;
			sourceTree = "<group>";
		};
		403354EE1939483B00616619 /* Actions */ = {
			isa = PBXGroup;
			children = (
				403354EF1939483B00616619 /* ActionDelegate.h */,
				403354F01939483B00616619 /* ActionType.h */,
				403354F11939483B00616619 /* App */,
				403354F31939483B00616619 /* Browser */,
				403354F51939483B00616619 /* Callback */,
				403354F71939483B00616619 /* Custom */,
				403354F91939483B00616619 /* Mail */,
				403354FB1939483B00616619 /* SMS */,
				403354FD1939483B00616619 /* Telephone */,
			);
			path = Actions;
			sourceTree = "<group>";
		};
		403354F11939483B00616619 /* App */ = {
			isa = PBXGroup;
			children = (
				403354F21939483B00616619 /* NotificareApp.h */,
			);
			path = App;
			sourceTree = "<group>";
		};
		403354F31939483B00616619 /* Browser */ = {
			isa = PBXGroup;
			children = (
				403354F41939483B00616619 /* NotificareBrowser.h */,
			);
			path = Browser;
			sourceTree = "<group>";
		};
		403354F51939483B00616619 /* Callback */ = {
			isa = PBXGroup;
			children = (
				403354F61939483B00616619 /* NotificareCallback.h */,
			);
			path = Callback;
			sourceTree = "<group>";
		};
		403354F71939483B00616619 /* Custom */ = {
			isa = PBXGroup;
			children = (
				403354F81939483B00616619 /* NotificareCustom.h */,
			);
			path = Custom;
			sourceTree = "<group>";
		};
		403354F91939483B00616619 /* Mail */ = {
			isa = PBXGroup;
			children = (
				403354FA1939483B00616619 /* NotificareMail.h */,
			);
			path = Mail;
			sourceTree = "<group>";
		};
		403354FB1939483B00616619 /* SMS */ = {
			isa = PBXGroup;
			children = (
				403354FC1939483B00616619 /* NotificareSMS.h */,
			);
			path = SMS;
			sourceTree = "<group>";
		};
		403354FD1939483B00616619 /* Telephone */ = {
			isa = PBXGroup;
			children = (
				403354FE1939483B00616619 /* NotificareTelephone.h */,
			);
			path = Telephone;
			sourceTree = "<group>";
		};
		403354FF1939483B00616619 /* Libraries */ = {
			isa = PBXGroup;
			children = (
				403355001939483B00616619 /* MKNetworkKit */,
				4033550C1939483B00616619 /* NXOAuth2Client */,
				4033551F1939483B00616619 /* SocketRocket */,
			);
			path = Libraries;
			sourceTree = "<group>";
		};
		403355001939483B00616619 /* MKNetworkKit */ = {
			isa = PBXGroup;
			children = (
				403355011939483B00616619 /* Categories */,
				403355071939483B00616619 /* NotificareMKNetworkEngine.h */,
				403355081939483B00616619 /* NotificareMKNetworkKit.h */,
				403355091939483B00616619 /* NotificareMKNetworkOperation.h */,
				4033550A1939483B00616619 /* Reachability */,
			);
			path = MKNetworkKit;
			sourceTree = "<group>";
		};
		403355011939483B00616619 /* Categories */ = {
			isa = PBXGroup;
			children = (
				403355021939483B00616619 /* NSData+NotificareMKBase64.h */,
				403355031939483B00616619 /* NSDate+NotificareRFC1123.h */,
				403355041939483B00616619 /* NSDictionary+NotificareRequestEncoding.h */,
				403355051939483B00616619 /* NSString+NotificareMKNetworkKitAdditions.h */,
				403355061939483B00616619 /* UIAlertView+NotificareMKNetworkKitAdditions.h */,
			);
			path = Categories;
			sourceTree = "<group>";
		};
		4033550A1939483B00616619 /* Reachability */ = {
			isa = PBXGroup;
			children = (
				4033550B1939483B00616619 /* NotificareReachability.h */,
			);
			path = Reachability;
			sourceTree = "<group>";
		};
		4033550C1939483B00616619 /* NXOAuth2Client */ = {
			isa = PBXGroup;
			children = (
				4033550D1939483B00616619 /* NotificareNXOAuth2.h */,
				4033550E1939483B00616619 /* NotificareNXOAuth2AccessToken.h */,
				4033550F1939483B00616619 /* NotificareNXOAuth2Account+Private.h */,
				403355101939483B00616619 /* NotificareNXOAuth2Account.h */,
				403355111939483B00616619 /* NotificareNXOAuth2AccountStore.h */,
				403355121939483B00616619 /* NotificareNXOAuth2Client.h */,
				403355131939483B00616619 /* NotificareNXOAuth2ClientDelegate.h */,
				403355141939483B00616619 /* NotificareNXOAuth2Connection.h */,
				403355151939483B00616619 /* NotificareNXOAuth2ConnectionDelegate.h */,
				403355161939483B00616619 /* NotificareNXOAuth2Constants.h */,
				403355171939483B00616619 /* NotificareNXOAuth2FileStreamWrapper.h */,
				403355181939483B00616619 /* NotificareNXOAuth2PostBodyPart.h */,
				403355191939483B00616619 /* NotificareNXOAuth2PostBodyStream.h */,
				4033551A1939483B00616619 /* NotificareNXOAuth2Request.h */,
				4033551B1939483B00616619 /* NotificareNXOAuth2TrustDelegate.h */,
				4033551C1939483B00616619 /* NSData+NotificareNXOAuth2.h */,
				4033551D1939483B00616619 /* NSString+NotificareNXOAuth2.h */,
				4033551E1939483B00616619 /* NSURL+NotificareNXOAuth2.h */,
			);
			path = NXOAuth2Client;
			sourceTree = "<group>";
		};
		4033551F1939483B00616619 /* SocketRocket */ = {
			isa = PBXGroup;
			children = (
				403355201939483B00616619 /* base64.h */,
				403355211939483B00616619 /* NSData+SRB64Additions.h */,
				403355221939483B00616619 /* SocketRocket-Prefix.pch */,
				403355231939483B00616619 /* SRWebSocket.h */,
			);
			path = SocketRocket;
			sourceTree = "<group>";
		};
		403355241939483B00616619 /* Models */ = {
			isa = PBXGroup;
			children = (
				403355251939483B00616619 /* Action.h */,
				403355261939483B00616619 /* Attachment.h */,
				403355271939483B00616619 /* Content.h */,
				403355281939483B00616619 /* Notification.h */,
			);
			path = Models;
			sourceTree = "<group>";
		};
		4033552D1939483B00616619 /* Shared */ = {
			isa = PBXGroup;
			children = (
				4033552E1939483B00616619 /* NSData+Hex.h */,
				4033552F1939483B00616619 /* NSDictionary+FromPlist.h */,
				403355301939483B00616619 /* NSString+FromBundle.h */,
				403355311939483B00616619 /* NSString+Utils.h */,
				403355321939483B00616619 /* UIImage+FromBundle.h */,
			);
			path = Shared;
			sourceTree = "<group>";
		};
		403355331939483B00616619 /* Types */ = {
			isa = PBXGroup;
			children = (
				403355341939483B00616619 /* Alert */,
				403355361939483B00616619 /* Beacons */,
				403355381939483B00616619 /* Form */,
				4033553A1939483B00616619 /* Image */,
				4033553C1939483B00616619 /* Map */,
				4033553F1939483B00616619 /* NotificationDelegate.h */,
				403355401939483B00616619 /* NotificationType.h */,
				403355411939483B00616619 /* Passbook */,
				403355431939483B00616619 /* Rate */,
				403355451939483B00616619 /* URL */,
				403355471939483B00616619 /* UserPreferences */,
				403355491939483B00616619 /* Video */,
				4033554B1939483B00616619 /* WebView */,
			);
			path = Types;
			sourceTree = "<group>";
		};
		403355341939483B00616619 /* Alert */ = {
			isa = PBXGroup;
			children = (
				403355351939483B00616619 /* NotificareAlert.h */,
			);
			path = Alert;
			sourceTree = "<group>";
		};
		403355361939483B00616619 /* Beacons */ = {
			isa = PBXGroup;
			children = (
				403355371939483B00616619 /* NotificareBeacons.h */,
			);
			path = Beacons;
			sourceTree = "<group>";
		};
		403355381939483B00616619 /* Form */ = {
			isa = PBXGroup;
			children = (
				403355391939483B00616619 /* NotificareForm.h */,
			);
			path = Form;
			sourceTree = "<group>";
		};
		4033553A1939483B00616619 /* Image */ = {
			isa = PBXGroup;
			children = (
				4033553B1939483B00616619 /* NotificareImage.h */,
			);
			path = Image;
			sourceTree = "<group>";
		};
		4033553C1939483B00616619 /* Map */ = {
			isa = PBXGroup;
			children = (
				4033553D1939483B00616619 /* NotificareLocation.h */,
				4033553E1939483B00616619 /* NotificareMap.h */,
			);
			path = Map;
			sourceTree = "<group>";
		};
		403355411939483B00616619 /* Passbook */ = {
			isa = PBXGroup;
			children = (
				403355421939483B00616619 /* NotificarePassbook.h */,
			);
			path = Passbook;
			sourceTree = "<group>";
		};
		403355431939483B00616619 /* Rate */ = {
			isa = PBXGroup;
			children = (
				403355441939483B00616619 /* NotificareRate.h */,
			);
			path = Rate;
			sourceTree = "<group>";
		};
		403355451939483B00616619 /* URL */ = {
			isa = PBXGroup;
			children = (
				403355461939483B00616619 /* NotificareURL.h */,
			);
			path = URL;
			sourceTree = "<group>";
		};
		403355471939483B00616619 /* UserPreferences */ = {
			isa = PBXGroup;
			children = (
				403355481939483B00616619 /* NotificareUserPreferences.h */,
			);
			path = UserPreferences;
			sourceTree = "<group>";
		};
		403355491939483B00616619 /* Video */ = {
			isa = PBXGroup;
			children = (
				4033554A1939483B00616619 /* NotificareVideo.h */,
			);
			path = Video;
			sourceTree = "<group>";
		};
		4033554B1939483B00616619 /* WebView */ = {
			isa = PBXGroup;
			children = (
				4033554C1939483B00616619 /* NotificareWebView.h */,
			);
			path = WebView;
			sourceTree = "<group>";
		};
		40C025A41812A3C6006EEC3F /* Libs */ = {
			isa = PBXGroup;
			children = (
				403354E81939483B00616619 /* notificare-push-lib-1.0.0 */,
				40169A291889B7890058C43E /* testflight-sdk */,
				40C025A51812A3C6006EEC3F /* MKNetworkKit */,
			);
			path = Libs;
			sourceTree = "<group>";
		};
		40C025A51812A3C6006EEC3F /* MKNetworkKit */ = {
			isa = PBXGroup;
			children = (
				40C025A61812A3C6006EEC3F /* Categories */,
				40C025B51812A3C6006EEC3F /* MKNetworkEngine.h */,
				40C025B61812A3C6006EEC3F /* MKNetworkEngine.m */,
				40C025B71812A3C6006EEC3F /* MKNetworkKit.h */,
				40C025B81812A3C6006EEC3F /* MKNetworkOperation.h */,
				40C025B91812A3C6006EEC3F /* MKNetworkOperation.m */,
				40C025BA1812A3C6006EEC3F /* Reachability */,
			);
			path = MKNetworkKit;
			sourceTree = "<group>";
		};
		40C025A61812A3C6006EEC3F /* Categories */ = {
			isa = PBXGroup;
			children = (
				40C025A71812A3C6006EEC3F /* NSAlert+MKNetworkKitAdditions.h */,
				40C025A81812A3C6006EEC3F /* NSAlert+MKNetworkKitAdditions.m */,
				40C025A91812A3C6006EEC3F /* NSData+MKBase64.h */,
				40C025AA1812A3C6006EEC3F /* NSData+MKBase64.m */,
				40C025AB1812A3C6006EEC3F /* NSDate+RFC1123.h */,
				40C025AC1812A3C6006EEC3F /* NSDate+RFC1123.m */,
				40C025AD1812A3C6006EEC3F /* NSDictionary+RequestEncoding.h */,
				40C025AE1812A3C6006EEC3F /* NSDictionary+RequestEncoding.m */,
				40C025AF1812A3C6006EEC3F /* NSString+MKNetworkKitAdditions.h */,
				40C025B01812A3C6006EEC3F /* NSString+MKNetworkKitAdditions.m */,
				40C025B11812A3C6006EEC3F /* UIAlertView+MKNetworkKitAdditions.h */,
				40C025B21812A3C6006EEC3F /* UIAlertView+MKNetworkKitAdditions.m */,
				40C025B31812A3C6006EEC3F /* UIImageView+MKNetworkKitAdditions.h */,
				40C025B41812A3C6006EEC3F /* UIImageView+MKNetworkKitAdditions.m */,
			);
			path = Categories;
			sourceTree = "<group>";
		};
		40C025BA1812A3C6006EEC3F /* Reachability */ = {
			isa = PBXGroup;
			children = (
				40C025BB1812A3C6006EEC3F /* Reachability.h */,
				40C025BC1812A3C6006EEC3F /* Reachability.m */,
			);
			path = Reachability;
			sourceTree = "<group>";
		};
		5D81815A170082C200EF9693 /* Engines */ = {
			isa = PBXGroup;
			children = (
				5DE826711700E48500BA0247 /* TwitterEngine.h */,
				5DE826721700E48500BA0247 /* TwitterEngine.m */,
			);
			name = Engines;
			path = ../../../../../joel/iOSDevelopment/Projects/NotificareDemoApp/NotificareDemoApp/Engines;
			sourceTree = "<group>";
		};
		5DDC0F5516FCF9780019E5CC = {
			isa = PBXGroup;
			children = (
				5DDC0F6716FCF9780019E5CC /* NotificareDemoApp */,
				5DDC0F6016FCF9780019E5CC /* Frameworks */,
				5DDC0F5F16FCF9780019E5CC /* Products */,
			);
			sourceTree = "<group>";
		};
		5DDC0F5F16FCF9780019E5CC /* Products */ = {
			isa = PBXGroup;
			children = (
				5DDC0F5E16FCF9780019E5CC /* NotificareDemoApp.app */,
			);
			name = Products;
			sourceTree = "<group>";
		};
		5DDC0F6016FCF9780019E5CC /* Frameworks */ = {
			isa = PBXGroup;
			children = (
				40169A2F1889BD380058C43E /* libz.dylib */,
				40C026241812A488006EEC3F /* ImageIO.framework */,
				5D43D0AA1708DB2500E360E9 /* QuartzCore.framework */,
				5DDC0FEE16FCFB330019E5CC /* CFNetwork.framework */,
				5DDC0FEC16FCFB2D0019E5CC /* Security.framework */,
				5DDC0FEA16FCFB270019E5CC /* SystemConfiguration.framework */,
				5DDC0FE816FCFB210019E5CC /* MapKit.framework */,
				5DDC0FE616FCFB1B0019E5CC /* PassKit.framework */,
				5DDC0FE416FCFB130019E5CC /* libicucore.dylib */,
				5DDC0FE216FCFB0C0019E5CC /* MessageUI.framework */,
				5DDC0FE016FCFB060019E5CC /* MobileCoreServices.framework */,
				5DDC0FDE16FCFAFE0019E5CC /* CoreLocation.framework */,
				5DDC0F6116FCF9780019E5CC /* UIKit.framework */,
				5DDC0F6316FCF9780019E5CC /* Foundation.framework */,
				5DDC0F6516FCF9780019E5CC /* CoreGraphics.framework */,
			);
			name = Frameworks;
			sourceTree = "<group>";
		};
		5DDC0F6716FCF9780019E5CC /* NotificareDemoApp */ = {
			isa = PBXGroup;
			children = (
				400FA8FC187B15E30022DAE8 /* Cells */,
				40C025A41812A3C6006EEC3F /* Libs */,
				5D81815A170082C200EF9693 /* Engines */,
				5DDC0FF016FCFE280019E5CC /* Resources */,
				5DDC0F7016FCF9790019E5CC /* TSAppDelegate.h */,
				5DDC0F7116FCF9790019E5CC /* TSAppDelegate.m */,
				5DDC0F7916FCF9790019E5CC /* MainStoryboard_iPhone.storyboard */,
				5DDC0F7C16FCF9790019E5CC /* MainStoryboard_iPad.storyboard */,
				5DDC0F7F16FCF9790019E5CC /* TSFirstViewController.h */,
				5DDC0F8016FCF9790019E5CC /* TSFirstViewController.m */,
				5DDC0F8216FCF9790019E5CC /* first.png */,
				5DDC0F8416FCF9790019E5CC /* first@2x.png */,
				5DDC0F8616FCF9790019E5CC /* TSSecondViewController.h */,
				5DDC0F8716FCF9790019E5CC /* TSSecondViewController.m */,
				5DDC0F8916FCF9790019E5CC /* second.png */,
				5DDC0F8B16FCF9790019E5CC /* second@2x.png */,
				5DDC0F6816FCF9780019E5CC /* Supporting Files */,
			);
			path = NotificareDemoApp;
			sourceTree = "<group>";
		};
		5DDC0F6816FCF9780019E5CC /* Supporting Files */ = {
			isa = PBXGroup;
			children = (
				5DDC0F6916FCF9780019E5CC /* NotificareDemoApp-Info.plist */,
				5DDC0F6A16FCF9790019E5CC /* InfoPlist.strings */,
				5DDC0F6D16FCF9790019E5CC /* main.m */,
				5DDC0F6F16FCF9790019E5CC /* NotificareDemoApp-Prefix.pch */,
				5DDC0F7316FCF9790019E5CC /* Default.png */,
				5DDC0F7516FCF9790019E5CC /* Default@2x.png */,
				5DDC0F7716FCF9790019E5CC /* Default-568h@2x.png */,
			);
			name = "Supporting Files";
			sourceTree = "<group>";
		};
		5DDC0FF016FCFE280019E5CC /* Resources */ = {
			isa = PBXGroup;
			children = (
				5DDC0FF116FCFE290019E5CC /* Images */,
			);
			path = Resources;
			sourceTree = "<group>";
		};
		5DDC0FF116FCFE290019E5CC /* Images */ = {
			isa = PBXGroup;
			children = (
				5DDC0FF216FCFE290019E5CC /* Icon-72.png */,
				5DDC0FF316FCFE290019E5CC /* Icon-72@2x.png */,
				5DDC0FF416FCFE290019E5CC /* Icon-Small-50.png */,
				5DDC0FF516FCFE290019E5CC /* Icon-Small-50@2x.png */,
				5DDC0FF616FCFE290019E5CC /* Icon-Small.png */,
				5DDC0FF716FCFE290019E5CC /* Icon-Small@2x.png */,
				5DDC0FF816FCFE290019E5CC /* Icon.png */,
				5DDC0FF916FCFE290019E5CC /* Icon@2x.png */,
			);
			path = Images;
			sourceTree = "<group>";
		};
/* End PBXGroup section */

/* Begin PBXNativeTarget section */
		5DDC0F5D16FCF9780019E5CC /* NotificareDemoApp */ = {
			isa = PBXNativeTarget;
			buildConfigurationList = 5DDC0F8F16FCF9790019E5CC /* Build configuration list for PBXNativeTarget "NotificareDemoApp" */;
			buildPhases = (
				5DDC0F5A16FCF9780019E5CC /* Sources */,
				5DDC0F5B16FCF9780019E5CC /* Frameworks */,
				5DDC0F5C16FCF9780019E5CC /* Resources */,
			);
			buildRules = (
			);
			dependencies = (
			);
			name = NotificareDemoApp;
			productName = NotificareDemoApp;
			productReference = 5DDC0F5E16FCF9780019E5CC /* NotificareDemoApp.app */;
			productType = "com.apple.product-type.application";
		};
/* End PBXNativeTarget section */

/* Begin PBXProject section */
		5DDC0F5616FCF9780019E5CC /* Project object */ = {
			isa = PBXProject;
			attributes = {
				CLASSPREFIX = TS;
				LastUpgradeCheck = 0510;
				ORGANIZATIONNAME = Notificare;
				TargetAttributes = {
					5DDC0F5D16FCF9780019E5CC = {
						DevelopmentTeam = HY7WGYR4J7;
						SystemCapabilities = {
							com.apple.BackgroundModes = {
								enabled = 1;
							};
						};
					};
				};
			};
			buildConfigurationList = 5DDC0F5916FCF9780019E5CC /* Build configuration list for PBXProject "NotificareDemoApp" */;
			compatibilityVersion = "Xcode 3.2";
			developmentRegion = English;
			hasScannedForEncodings = 0;
			knownRegions = (
				en,
			);
			mainGroup = 5DDC0F5516FCF9780019E5CC;
			productRefGroup = 5DDC0F5F16FCF9780019E5CC /* Products */;
			projectDirPath = "";
			projectRoot = "";
			targets = (
				5DDC0F5D16FCF9780019E5CC /* NotificareDemoApp */,
			);
		};
/* End PBXProject section */

/* Begin PBXResourcesBuildPhase section */
		5DDC0F5C16FCF9780019E5CC /* Resources */ = {
			isa = PBXResourcesBuildPhase;
			buildActionMask = 2147483647;
			files = (
				5DDC0F6C16FCF9790019E5CC /* InfoPlist.strings in Resources */,
				5DDC0F7416FCF9790019E5CC /* Default.png in Resources */,
				5DDC0F7616FCF9790019E5CC /* Default@2x.png in Resources */,
				5DDC0F7816FCF9790019E5CC /* Default-568h@2x.png in Resources */,
				5DDC0F7B16FCF9790019E5CC /* MainStoryboard_iPhone.storyboard in Resources */,
				5DDC0F7E16FCF9790019E5CC /* MainStoryboard_iPad.storyboard in Resources */,
				5DDC0F8316FCF9790019E5CC /* first.png in Resources */,
				403355511939483B00616619 /* DefaultTheme.bundle in Resources */,
				403355551939483B00616619 /* README.md in Resources */,
				5DDC0F8516FCF9790019E5CC /* first@2x.png in Resources */,
				5DDC0F8A16FCF9790019E5CC /* second.png in Resources */,
				5DDC0F8C16FCF9790019E5CC /* second@2x.png in Resources */,
				5DDC0FFA16FCFE290019E5CC /* Icon-72.png in Resources */,
				403355501939483B00616619 /* .gitignore in Resources */,
				5DDC0FFB16FCFE290019E5CC /* Icon-72@2x.png in Resources */,
				5DDC0FFC16FCFE290019E5CC /* Icon-Small-50.png in Resources */,
				403355541939483B00616619 /* NotificareTags.plist in Resources */,
				5DDC0FFD16FCFE290019E5CC /* Icon-Small-50@2x.png in Resources */,
				403355531939483B00616619 /* Notificare.plist in Resources */,
				5DDC0FFE16FCFE290019E5CC /* Icon-Small.png in Resources */,
				5DDC0FFF16FCFE290019E5CC /* Icon-Small@2x.png in Resources */,
				5DDC100016FCFE290019E5CC /* Icon.png in Resources */,
				5DDC100116FCFE290019E5CC /* Icon@2x.png in Resources */,
			);
			runOnlyForDeploymentPostprocessing = 0;
		};
/* End PBXResourcesBuildPhase section */

/* Begin PBXSourcesBuildPhase section */
		5DDC0F5A16FCF9780019E5CC /* Sources */ = {
			isa = PBXSourcesBuildPhase;
			buildActionMask = 2147483647;
			files = (
				5DDC0F6E16FCF9790019E5CC /* main.m in Sources */,
				40C026141812A3C6006EEC3F /* NSDictionary+RequestEncoding.m in Sources */,
				40C026181812A3C6006EEC3F /* MKNetworkEngine.m in Sources */,
				40C026171812A3C6006EEC3F /* UIImageView+MKNetworkKitAdditions.m in Sources */,
				40C0261A1812A3C6006EEC3F /* Reachability.m in Sources */,
				40C026161812A3C6006EEC3F /* UIAlertView+MKNetworkKitAdditions.m in Sources */,
				5DDC0F7216FCF9790019E5CC /* TSAppDelegate.m in Sources */,
				5DDC0F8116FCF9790019E5CC /* TSFirstViewController.m in Sources */,
				40C026111812A3C6006EEC3F /* NSAlert+MKNetworkKitAdditions.m in Sources */,
				5DDC0F8816FCF9790019E5CC /* TSSecondViewController.m in Sources */,
				40C026121812A3C6006EEC3F /* NSData+MKBase64.m in Sources */,
				40C026191812A3C6006EEC3F /* MKNetworkOperation.m in Sources */,
				5DE826731700E48500BA0247 /* TwitterEngine.m in Sources */,
				40C026151812A3C6006EEC3F /* NSString+MKNetworkKitAdditions.m in Sources */,
				40C026131812A3C6006EEC3F /* NSDate+RFC1123.m in Sources */,
			);
			runOnlyForDeploymentPostprocessing = 0;
		};
/* End PBXSourcesBuildPhase section */

/* Begin PBXVariantGroup section */
		5DDC0F6A16FCF9790019E5CC /* InfoPlist.strings */ = {
			isa = PBXVariantGroup;
			children = (
				5DDC0F6B16FCF9790019E5CC /* en */,
			);
			name = InfoPlist.strings;
			sourceTree = "<group>";
		};
		5DDC0F7916FCF9790019E5CC /* MainStoryboard_iPhone.storyboard */ = {
			isa = PBXVariantGroup;
			children = (
				5DDC0F7A16FCF9790019E5CC /* en */,
			);
			name = MainStoryboard_iPhone.storyboard;
			sourceTree = "<group>";
		};
		5DDC0F7C16FCF9790019E5CC /* MainStoryboard_iPad.storyboard */ = {
			isa = PBXVariantGroup;
			children = (
				5DDC0F7D16FCF9790019E5CC /* en */,
			);
			name = MainStoryboard_iPad.storyboard;
			sourceTree = "<group>";
		};
/* End PBXVariantGroup section */

/* Begin XCBuildConfiguration section */
		5DDC0F8D16FCF9790019E5CC /* Debug */ = {
			isa = XCBuildConfiguration;
			buildSettings = {
				ALWAYS_SEARCH_USER_PATHS = NO;
				CLANG_CXX_LANGUAGE_STANDARD = "gnu++0x";
				CLANG_CXX_LIBRARY = "libc++";
				CLANG_ENABLE_OBJC_ARC = YES;
				CLANG_WARN_CONSTANT_CONVERSION = YES;
				CLANG_WARN_EMPTY_BODY = YES;
				CLANG_WARN_ENUM_CONVERSION = YES;
				CLANG_WARN_INT_CONVERSION = YES;
				CLANG_WARN__DUPLICATE_METHOD_MATCH = YES;
				CODE_SIGN_IDENTITY = "";
				"CODE_SIGN_IDENTITY[sdk=iphoneos*]" = "";
				COPY_PHASE_STRIP = NO;
				GCC_C_LANGUAGE_STANDARD = gnu99;
				GCC_DYNAMIC_NO_PIC = NO;
				GCC_OPTIMIZATION_LEVEL = 0;
				GCC_PREPROCESSOR_DEFINITIONS = (
					"DEBUG=1",
					"$(inherited)",
				);
				GCC_SYMBOLS_PRIVATE_EXTERN = NO;
				GCC_WARN_ABOUT_RETURN_TYPE = YES;
				GCC_WARN_UNINITIALIZED_AUTOS = YES;
				GCC_WARN_UNUSED_VARIABLE = YES;
				IPHONEOS_DEPLOYMENT_TARGET = 6.1;
				ONLY_ACTIVE_ARCH = YES;
				PROVISIONING_PROFILE = "";
				"PROVISIONING_PROFILE[sdk=iphoneos*]" = "";
				SDKROOT = iphoneos;
				TARGETED_DEVICE_FAMILY = "1,2";
				VALID_ARCHS = "arm64 armv7 armv7s i386";
			};
			name = Debug;
		};
		5DDC0F8E16FCF9790019E5CC /* Release */ = {
			isa = XCBuildConfiguration;
			buildSettings = {
				ALWAYS_SEARCH_USER_PATHS = NO;
				CLANG_CXX_LANGUAGE_STANDARD = "gnu++0x";
				CLANG_CXX_LIBRARY = "libc++";
				CLANG_ENABLE_OBJC_ARC = YES;
				CLANG_WARN_CONSTANT_CONVERSION = YES;
				CLANG_WARN_EMPTY_BODY = YES;
				CLANG_WARN_ENUM_CONVERSION = YES;
				CLANG_WARN_INT_CONVERSION = YES;
				CLANG_WARN__DUPLICATE_METHOD_MATCH = YES;
				CODE_SIGN_IDENTITY = "";
				"CODE_SIGN_IDENTITY[sdk=iphoneos*]" = "";
				COPY_PHASE_STRIP = YES;
				GCC_C_LANGUAGE_STANDARD = gnu99;
				GCC_WARN_ABOUT_RETURN_TYPE = YES;
				GCC_WARN_UNINITIALIZED_AUTOS = YES;
				GCC_WARN_UNUSED_VARIABLE = YES;
				IPHONEOS_DEPLOYMENT_TARGET = 6.1;
				OTHER_CFLAGS = "-DNS_BLOCK_ASSERTIONS=1";
				PROVISIONING_PROFILE = "";
				"PROVISIONING_PROFILE[sdk=iphoneos*]" = "";
				SDKROOT = iphoneos;
				TARGETED_DEVICE_FAMILY = "1,2";
				VALIDATE_PRODUCT = YES;
				VALID_ARCHS = "arm64 armv7 armv7s i386";
			};
			name = Release;
		};
		5DDC0F9016FCF9790019E5CC /* Debug */ = {
			isa = XCBuildConfiguration;
			buildSettings = {
				CODE_SIGN_IDENTITY = "";
				"CODE_SIGN_IDENTITY[sdk=iphoneos*]" = "";
				GCC_PRECOMPILE_PREFIX_HEADER = YES;
				GCC_PREFIX_HEADER = "NotificareDemoApp/NotificareDemoApp-Prefix.pch";
				INFOPLIST_FILE = "NotificareDemoApp/NotificareDemoApp-Info.plist";
				LIBRARY_SEARCH_PATHS = (
					"$(inherited)",
					"$(PROJECT_DIR)/NotificareDemoApp/Libs/testflight-sdk",
					"$(PROJECT_DIR)/NotificareDemoApp/Libs/notificare-push-lib-1.0.0",
				);
				OTHER_LDFLAGS = "-all_load";
				PRODUCT_NAME = "$(TARGET_NAME)";
				PROVISIONING_PROFILE = "";
				"PROVISIONING_PROFILE[sdk=iphoneos*]" = "";
				VALID_ARCHS = "arm64 armv7 armv7s i386";
				WRAPPER_EXTENSION = app;
			};
			name = Debug;
		};
		5DDC0F9116FCF9790019E5CC /* Release */ = {
			isa = XCBuildConfiguration;
			buildSettings = {
				CODE_SIGN_IDENTITY = "";
				"CODE_SIGN_IDENTITY[sdk=iphoneos*]" = "";
				GCC_PRECOMPILE_PREFIX_HEADER = YES;
				GCC_PREFIX_HEADER = "NotificareDemoApp/NotificareDemoApp-Prefix.pch";
				INFOPLIST_FILE = "NotificareDemoApp/NotificareDemoApp-Info.plist";
				LIBRARY_SEARCH_PATHS = (
					"$(inherited)",
					"$(PROJECT_DIR)/NotificareDemoApp/Libs/testflight-sdk",
					"$(PROJECT_DIR)/NotificareDemoApp/Libs/notificare-push-lib-1.0.0",
				);
				OTHER_LDFLAGS = "-all_load";
				PRODUCT_NAME = "$(TARGET_NAME)";
				PROVISIONING_PROFILE = "";
				"PROVISIONING_PROFILE[sdk=iphoneos*]" = "";
				VALID_ARCHS = "arm64 armv7 armv7s i386";
				WRAPPER_EXTENSION = app;
			};
			name = Release;
		};
		5DDC0F9216FCF98A0019E5CC /* AdHoc */ = {
			isa = XCBuildConfiguration;
			buildSettings = {
				ALWAYS_SEARCH_USER_PATHS = NO;
				CLANG_CXX_LANGUAGE_STANDARD = "gnu++0x";
				CLANG_CXX_LIBRARY = "libc++";
				CLANG_ENABLE_OBJC_ARC = YES;
				CLANG_WARN_CONSTANT_CONVERSION = YES;
				CLANG_WARN_EMPTY_BODY = YES;
				CLANG_WARN_ENUM_CONVERSION = YES;
				CLANG_WARN_INT_CONVERSION = YES;
				CLANG_WARN__DUPLICATE_METHOD_MATCH = YES;
				CODE_SIGN_IDENTITY = "";
				"CODE_SIGN_IDENTITY[sdk=iphoneos*]" = "";
				COPY_PHASE_STRIP = NO;
				GCC_C_LANGUAGE_STANDARD = gnu99;
				GCC_DYNAMIC_NO_PIC = NO;
				GCC_OPTIMIZATION_LEVEL = 0;
				GCC_PREPROCESSOR_DEFINITIONS = (
					"DEBUG=1",
					"$(inherited)",
				);
				GCC_SYMBOLS_PRIVATE_EXTERN = NO;
				GCC_WARN_ABOUT_RETURN_TYPE = YES;
				GCC_WARN_UNINITIALIZED_AUTOS = YES;
				GCC_WARN_UNUSED_VARIABLE = YES;
				IPHONEOS_DEPLOYMENT_TARGET = 6.1;
				ONLY_ACTIVE_ARCH = NO;
				PROVISIONING_PROFILE = "";
				"PROVISIONING_PROFILE[sdk=iphoneos*]" = "";
				SDKROOT = iphoneos;
				TARGETED_DEVICE_FAMILY = "1,2";
				VALID_ARCHS = "arm64 armv7 armv7s i386";
			};
			name = AdHoc;
		};
		5DDC0F9316FCF98A0019E5CC /* AdHoc */ = {
			isa = XCBuildConfiguration;
			buildSettings = {
				CODE_SIGN_IDENTITY = "";
				"CODE_SIGN_IDENTITY[sdk=iphoneos*]" = "";
				GCC_PRECOMPILE_PREFIX_HEADER = YES;
				GCC_PREFIX_HEADER = "NotificareDemoApp/NotificareDemoApp-Prefix.pch";
				INFOPLIST_FILE = "NotificareDemoApp/NotificareDemoApp-Info.plist";
				LIBRARY_SEARCH_PATHS = (
					"$(inherited)",
					"$(PROJECT_DIR)/NotificareDemoApp/Libs/testflight-sdk",
					"$(PROJECT_DIR)/NotificareDemoApp/Libs/notificare-push-lib-1.0.0",
				);
				OTHER_LDFLAGS = "-all_load";
				PRODUCT_NAME = "$(TARGET_NAME)";
				PROVISIONING_PROFILE = "";
				"PROVISIONING_PROFILE[sdk=iphoneos*]" = "";
				VALID_ARCHS = "arm64 armv7 armv7s i386";
				WRAPPER_EXTENSION = app;
			};
			name = AdHoc;
		};
/* End XCBuildConfiguration section */

/* Begin XCConfigurationList section */
		5DDC0F5916FCF9780019E5CC /* Build configuration list for PBXProject "NotificareDemoApp" */ = {
			isa = XCConfigurationList;
			buildConfigurations = (
				5DDC0F8D16FCF9790019E5CC /* Debug */,
				5DDC0F9216FCF98A0019E5CC /* AdHoc */,
				5DDC0F8E16FCF9790019E5CC /* Release */,
			);
			defaultConfigurationIsVisible = 0;
			defaultConfigurationName = Release;
		};
		5DDC0F8F16FCF9790019E5CC /* Build configuration list for PBXNativeTarget "NotificareDemoApp" */ = {
			isa = XCConfigurationList;
			buildConfigurations = (
				5DDC0F9016FCF9790019E5CC /* Debug */,
				5DDC0F9316FCF98A0019E5CC /* AdHoc */,
				5DDC0F9116FCF9790019E5CC /* Release */,
			);
			defaultConfigurationIsVisible = 0;
			defaultConfigurationName = Release;
		};
/* End XCConfigurationList section */
	};
	rootObject = 5DDC0F5616FCF9780019E5CC /* Project object */;
}
