// !$*UTF8*$!
{
	archiveVersion = 1;
	classes = {
	};
	objectVersion = 46;
	objects = {

/* Begin PBXBuildFile section */
		40B5E316183C2083007E1AB3 /* .gitignore in Resources */ = {isa = PBXBuildFile; fileRef = 40B5E2C7183C2083007E1AB3 /* .gitignore */; };
		40B5E317183C2083007E1AB3 /* libNotificarePushLib.a in Frameworks */ = {isa = PBXBuildFile; fileRef = 40B5E2C8183C2083007E1AB3 /* libNotificarePushLib.a */; };
		40B5E318183C2083007E1AB3 /* Notificare.plist in Resources */ = {isa = PBXBuildFile; fileRef = 40B5E313183C2083007E1AB3 /* Notificare.plist */; };
		40B5E319183C2083007E1AB3 /* NotificareResources.bundle in Resources */ = {isa = PBXBuildFile; fileRef = 40B5E314183C2083007E1AB3 /* NotificareResources.bundle */; };
		40B5E31A183C2083007E1AB3 /* README.md in Resources */ = {isa = PBXBuildFile; fileRef = 40B5E315183C2083007E1AB3 /* README.md */; };
		40C026111812A3C6006EEC3F /* NSAlert+MKNetworkKitAdditions.m in Sources */ = {isa = PBXBuildFile; fileRef = 40C025A81812A3C6006EEC3F /* NSAlert+MKNetworkKitAdditions.m */; };
		40C026121812A3C6006EEC3F /* NSData+MKBase64.m in Sources */ = {isa = PBXBuildFile; fileRef = 40C025AA1812A3C6006EEC3F /* NSData+MKBase64.m */; };
		40C026131812A3C6006EEC3F /* NSDate+RFC1123.m in Sources */ = {isa = PBXBuildFile; fileRef = 40C025AC1812A3C6006EEC3F /* NSDate+RFC1123.m */; };
		40C026141812A3C6006EEC3F /* NSDictionary+RequestEncoding.m in Sources */ = {isa = PBXBuildFile; fileRef = 40C025AE1812A3C6006EEC3F /* NSDictionary+RequestEncoding.m */; };
		40C026151812A3C6006EEC3F /* NSString+MKNetworkKitAdditions.m in Sources */ = {isa = PBXBuildFile; fileRef = 40C025B01812A3C6006EEC3F /* NSString+MKNetworkKitAdditions.m */; };
		40C026161812A3C6006EEC3F /* UIAlertView+MKNetworkKitAdditions.m in Sources */ = {isa = PBXBuildFile; fileRef = 40C025B21812A3C6006EEC3F /* UIAlertView+MKNetworkKitAdditions.m */; };
		40C026171812A3C6006EEC3F /* UIImageView+MKNetworkKitAdditions.m in Sources */ = {isa = PBXBuildFile; fileRef = 40C025B41812A3C6006EEC3F /* UIImageView+MKNetworkKitAdditions.m */; };
		40C026181812A3C6006EEC3F /* MKNetworkEngine.m in Sources */ = {isa = PBXBuildFile; fileRef = 40C025B61812A3C6006EEC3F /* MKNetworkEngine.m */; };
		40C026191812A3C6006EEC3F /* MKNetworkOperation.m in Sources */ = {isa = PBXBuildFile; fileRef = 40C025B91812A3C6006EEC3F /* MKNetworkOperation.m */; };
		40C0261A1812A3C6006EEC3F /* Reachability.m in Sources */ = {isa = PBXBuildFile; fileRef = 40C025BC1812A3C6006EEC3F /* Reachability.m */; };
		40C026251812A488006EEC3F /* ImageIO.framework in Frameworks */ = {isa = PBXBuildFile; fileRef = 40C026241812A488006EEC3F /* ImageIO.framework */; };
		5D43D0AB1708DB2500E360E9 /* QuartzCore.framework in Frameworks */ = {isa = PBXBuildFile; fileRef = 5D43D0AA1708DB2500E360E9 /* QuartzCore.framework */; };
		5DDC0F6216FCF9780019E5CC /* UIKit.framework in Frameworks */ = {isa = PBXBuildFile; fileRef = 5DDC0F6116FCF9780019E5CC /* UIKit.framework */; };
		5DDC0F6416FCF9780019E5CC /* Foundation.framework in Frameworks */ = {isa = PBXBuildFile; fileRef = 5DDC0F6316FCF9780019E5CC /* Foundation.framework */; };
		5DDC0F6616FCF9780019E5CC /* CoreGraphics.framework in Frameworks */ = {isa = PBXBuildFile; fileRef = 5DDC0F6516FCF9780019E5CC /* CoreGraphics.framework */; };
		5DDC0F6C16FCF9790019E5CC /* InfoPlist.strings in Resources */ = {isa = PBXBuildFile; fileRef = 5DDC0F6A16FCF9790019E5CC /* InfoPlist.strings */; };
		5DDC0F6E16FCF9790019E5CC /* main.m in Sources */ = {isa = PBXBuildFile; fileRef = 5DDC0F6D16FCF9790019E5CC /* main.m */; };
		5DDC0F7216FCF9790019E5CC /* TSAppDelegate.m in Sources */ = {isa = PBXBuildFile; fileRef = 5DDC0F7116FCF9790019E5CC /* TSAppDelegate.m */; };
		5DDC0F7416FCF9790019E5CC /* Default.png in Resources */ = {isa = PBXBuildFile; fileRef = 5DDC0F7316FCF9790019E5CC /* Default.png */; };
		5DDC0F7616FCF9790019E5CC /* Default@2x.png in Resources */ = {isa = PBXBuildFile; fileRef = 5DDC0F7516FCF9790019E5CC /* Default@2x.png */; };
		5DDC0F7816FCF9790019E5CC /* Default-568h@2x.png in Resources */ = {isa = PBXBuildFile; fileRef = 5DDC0F7716FCF9790019E5CC /* Default-568h@2x.png */; };
		5DDC0F7B16FCF9790019E5CC /* MainStoryboard_iPhone.storyboard in Resources */ = {isa = PBXBuildFile; fileRef = 5DDC0F7916FCF9790019E5CC /* MainStoryboard_iPhone.storyboard */; };
		5DDC0F7E16FCF9790019E5CC /* MainStoryboard_iPad.storyboard in Resources */ = {isa = PBXBuildFile; fileRef = 5DDC0F7C16FCF9790019E5CC /* MainStoryboard_iPad.storyboard */; };
		5DDC0F8116FCF9790019E5CC /* TSFirstViewController.m in Sources */ = {isa = PBXBuildFile; fileRef = 5DDC0F8016FCF9790019E5CC /* TSFirstViewController.m */; };
		5DDC0F8316FCF9790019E5CC /* first.png in Resources */ = {isa = PBXBuildFile; fileRef = 5DDC0F8216FCF9790019E5CC /* first.png */; };
		5DDC0F8516FCF9790019E5CC /* first@2x.png in Resources */ = {isa = PBXBuildFile; fileRef = 5DDC0F8416FCF9790019E5CC /* first@2x.png */; };
		5DDC0F8816FCF9790019E5CC /* TSSecondViewController.m in Sources */ = {isa = PBXBuildFile; fileRef = 5DDC0F8716FCF9790019E5CC /* TSSecondViewController.m */; };
		5DDC0F8A16FCF9790019E5CC /* second.png in Resources */ = {isa = PBXBuildFile; fileRef = 5DDC0F8916FCF9790019E5CC /* second.png */; };
		5DDC0F8C16FCF9790019E5CC /* second@2x.png in Resources */ = {isa = PBXBuildFile; fileRef = 5DDC0F8B16FCF9790019E5CC /* second@2x.png */; };
		5DDC0FDF16FCFAFE0019E5CC /* CoreLocation.framework in Frameworks */ = {isa = PBXBuildFile; fileRef = 5DDC0FDE16FCFAFE0019E5CC /* CoreLocation.framework */; };
		5DDC0FE116FCFB060019E5CC /* MobileCoreServices.framework in Frameworks */ = {isa = PBXBuildFile; fileRef = 5DDC0FE016FCFB060019E5CC /* MobileCoreServices.framework */; };
		5DDC0FE316FCFB0C0019E5CC /* MessageUI.framework in Frameworks */ = {isa = PBXBuildFile; fileRef = 5DDC0FE216FCFB0C0019E5CC /* MessageUI.framework */; };
		5DDC0FE516FCFB130019E5CC /* libicucore.dylib in Frameworks */ = {isa = PBXBuildFile; fileRef = 5DDC0FE416FCFB130019E5CC /* libicucore.dylib */; };
		5DDC0FE716FCFB1B0019E5CC /* PassKit.framework in Frameworks */ = {isa = PBXBuildFile; fileRef = 5DDC0FE616FCFB1B0019E5CC /* PassKit.framework */; };
		5DDC0FE916FCFB210019E5CC /* MapKit.framework in Frameworks */ = {isa = PBXBuildFile; fileRef = 5DDC0FE816FCFB210019E5CC /* MapKit.framework */; };
		5DDC0FEB16FCFB270019E5CC /* SystemConfiguration.framework in Frameworks */ = {isa = PBXBuildFile; fileRef = 5DDC0FEA16FCFB270019E5CC /* SystemConfiguration.framework */; };
		5DDC0FED16FCFB2D0019E5CC /* Security.framework in Frameworks */ = {isa = PBXBuildFile; fileRef = 5DDC0FEC16FCFB2D0019E5CC /* Security.framework */; };
		5DDC0FEF16FCFB330019E5CC /* CFNetwork.framework in Frameworks */ = {isa = PBXBuildFile; fileRef = 5DDC0FEE16FCFB330019E5CC /* CFNetwork.framework */; };
		5DDC0FFA16FCFE290019E5CC /* Icon-72.png in Resources */ = {isa = PBXBuildFile; fileRef = 5DDC0FF216FCFE290019E5CC /* Icon-72.png */; };
		5DDC0FFB16FCFE290019E5CC /* Icon-72@2x.png in Resources */ = {isa = PBXBuildFile; fileRef = 5DDC0FF316FCFE290019E5CC /* Icon-72@2x.png */; };
		5DDC0FFC16FCFE290019E5CC /* Icon-Small-50.png in Resources */ = {isa = PBXBuildFile; fileRef = 5DDC0FF416FCFE290019E5CC /* Icon-Small-50.png */; };
		5DDC0FFD16FCFE290019E5CC /* Icon-Small-50@2x.png in Resources */ = {isa = PBXBuildFile; fileRef = 5DDC0FF516FCFE290019E5CC /* Icon-Small-50@2x.png */; };
		5DDC0FFE16FCFE290019E5CC /* Icon-Small.png in Resources */ = {isa = PBXBuildFile; fileRef = 5DDC0FF616FCFE290019E5CC /* Icon-Small.png */; };
		5DDC0FFF16FCFE290019E5CC /* Icon-Small@2x.png in Resources */ = {isa = PBXBuildFile; fileRef = 5DDC0FF716FCFE290019E5CC /* Icon-Small@2x.png */; };
		5DDC100016FCFE290019E5CC /* Icon.png in Resources */ = {isa = PBXBuildFile; fileRef = 5DDC0FF816FCFE290019E5CC /* Icon.png */; };
		5DDC100116FCFE290019E5CC /* Icon@2x.png in Resources */ = {isa = PBXBuildFile; fileRef = 5DDC0FF916FCFE290019E5CC /* Icon@2x.png */; };
		5DE826731700E48500BA0247 /* TwitterEngine.m in Sources */ = {isa = PBXBuildFile; fileRef = 5DE826721700E48500BA0247 /* TwitterEngine.m */; };
/* End PBXBuildFile section */

/* Begin PBXFileReference section */
		40B5E2C7183C2083007E1AB3 /* .gitignore */ = {isa = PBXFileReference; fileEncoding = 4; lastKnownFileType = text; path = .gitignore; sourceTree = "<group>"; };
		40B5E2C8183C2083007E1AB3 /* libNotificarePushLib.a */ = {isa = PBXFileReference; lastKnownFileType = archive.ar; path = libNotificarePushLib.a; sourceTree = "<group>"; };
		40B5E2CC183C2083007E1AB3 /* ActionDelegate.h */ = {isa = PBXFileReference; fileEncoding = 4; lastKnownFileType = sourcecode.c.h; path = ActionDelegate.h; sourceTree = "<group>"; };
		40B5E2CD183C2083007E1AB3 /* ActionType.h */ = {isa = PBXFileReference; fileEncoding = 4; lastKnownFileType = sourcecode.c.h; path = ActionType.h; sourceTree = "<group>"; };
		40B5E2CF183C2083007E1AB3 /* NotificareApp.h */ = {isa = PBXFileReference; fileEncoding = 4; lastKnownFileType = sourcecode.c.h; path = NotificareApp.h; sourceTree = "<group>"; };
		40B5E2D1183C2083007E1AB3 /* NotificareBrowser.h */ = {isa = PBXFileReference; fileEncoding = 4; lastKnownFileType = sourcecode.c.h; path = NotificareBrowser.h; sourceTree = "<group>"; };
		40B5E2D3183C2083007E1AB3 /* NotificareCallback.h */ = {isa = PBXFileReference; fileEncoding = 4; lastKnownFileType = sourcecode.c.h; path = NotificareCallback.h; sourceTree = "<group>"; };
		40B5E2D5183C2083007E1AB3 /* NotificareCustom.h */ = {isa = PBXFileReference; fileEncoding = 4; lastKnownFileType = sourcecode.c.h; path = NotificareCustom.h; sourceTree = "<group>"; };
		40B5E2D7183C2083007E1AB3 /* NotificareMail.h */ = {isa = PBXFileReference; fileEncoding = 4; lastKnownFileType = sourcecode.c.h; path = NotificareMail.h; sourceTree = "<group>"; };
		40B5E2D9183C2083007E1AB3 /* NotificareSMS.h */ = {isa = PBXFileReference; fileEncoding = 4; lastKnownFileType = sourcecode.c.h; path = NotificareSMS.h; sourceTree = "<group>"; };
		40B5E2DB183C2083007E1AB3 /* NotificareTelephone.h */ = {isa = PBXFileReference; fileEncoding = 4; lastKnownFileType = sourcecode.c.h; path = NotificareTelephone.h; sourceTree = "<group>"; };
		40B5E2DF183C2083007E1AB3 /* NSData+NotificareMKBase64.h */ = {isa = PBXFileReference; fileEncoding = 4; lastKnownFileType = sourcecode.c.h; path = "NSData+NotificareMKBase64.h"; sourceTree = "<group>"; };
		40B5E2E0183C2083007E1AB3 /* NSDate+NotificareRFC1123.h */ = {isa = PBXFileReference; fileEncoding = 4; lastKnownFileType = sourcecode.c.h; path = "NSDate+NotificareRFC1123.h"; sourceTree = "<group>"; };
		40B5E2E1183C2083007E1AB3 /* NSDictionary+NotificareRequestEncoding.h */ = {isa = PBXFileReference; fileEncoding = 4; lastKnownFileType = sourcecode.c.h; path = "NSDictionary+NotificareRequestEncoding.h"; sourceTree = "<group>"; };
		40B5E2E2183C2083007E1AB3 /* NSString+NotificareMKNetworkKitAdditions.h */ = {isa = PBXFileReference; fileEncoding = 4; lastKnownFileType = sourcecode.c.h; path = "NSString+NotificareMKNetworkKitAdditions.h"; sourceTree = "<group>"; };
		40B5E2E3183C2083007E1AB3 /* UIAlertView+NotificareMKNetworkKitAdditions.h */ = {isa = PBXFileReference; fileEncoding = 4; lastKnownFileType = sourcecode.c.h; path = "UIAlertView+NotificareMKNetworkKitAdditions.h"; sourceTree = "<group>"; };
		40B5E2E4183C2083007E1AB3 /* NotificareMKNetworkEngine.h */ = {isa = PBXFileReference; fileEncoding = 4; lastKnownFileType = sourcecode.c.h; path = NotificareMKNetworkEngine.h; sourceTree = "<group>"; };
		40B5E2E5183C2083007E1AB3 /* NotificareMKNetworkKit.h */ = {isa = PBXFileReference; fileEncoding = 4; lastKnownFileType = sourcecode.c.h; path = NotificareMKNetworkKit.h; sourceTree = "<group>"; };
		40B5E2E6183C2083007E1AB3 /* NotificareMKNetworkOperation.h */ = {isa = PBXFileReference; fileEncoding = 4; lastKnownFileType = sourcecode.c.h; path = NotificareMKNetworkOperation.h; sourceTree = "<group>"; };
		40B5E2E8183C2083007E1AB3 /* NotificareReachability.h */ = {isa = PBXFileReference; fileEncoding = 4; lastKnownFileType = sourcecode.c.h; path = NotificareReachability.h; sourceTree = "<group>"; };
		40B5E2EA183C2083007E1AB3 /* base64.h */ = {isa = PBXFileReference; fileEncoding = 4; lastKnownFileType = sourcecode.c.h; path = base64.h; sourceTree = "<group>"; };
		40B5E2EB183C2083007E1AB3 /* NSData+SRB64Additions.h */ = {isa = PBXFileReference; fileEncoding = 4; lastKnownFileType = sourcecode.c.h; path = "NSData+SRB64Additions.h"; sourceTree = "<group>"; };
		40B5E2EC183C2083007E1AB3 /* SocketRocket-Prefix.pch */ = {isa = PBXFileReference; fileEncoding = 4; lastKnownFileType = sourcecode.c.h; path = "SocketRocket-Prefix.pch"; sourceTree = "<group>"; };
		40B5E2ED183C2083007E1AB3 /* SRWebSocket.h */ = {isa = PBXFileReference; fileEncoding = 4; lastKnownFileType = sourcecode.c.h; path = SRWebSocket.h; sourceTree = "<group>"; };
		40B5E2EF183C2083007E1AB3 /* Action.h */ = {isa = PBXFileReference; fileEncoding = 4; lastKnownFileType = sourcecode.c.h; path = Action.h; sourceTree = "<group>"; };
		40B5E2F0183C2083007E1AB3 /* Attachment.h */ = {isa = PBXFileReference; fileEncoding = 4; lastKnownFileType = sourcecode.c.h; path = Attachment.h; sourceTree = "<group>"; };
		40B5E2F1183C2083007E1AB3 /* Content.h */ = {isa = PBXFileReference; fileEncoding = 4; lastKnownFileType = sourcecode.c.h; path = Content.h; sourceTree = "<group>"; };
		40B5E2F2183C2083007E1AB3 /* Notification.h */ = {isa = PBXFileReference; fileEncoding = 4; lastKnownFileType = sourcecode.c.h; path = Notification.h; sourceTree = "<group>"; };
		40B5E2F3183C2083007E1AB3 /* Notificare.h */ = {isa = PBXFileReference; fileEncoding = 4; lastKnownFileType = sourcecode.c.h; path = Notificare.h; sourceTree = "<group>"; };
		40B5E2F4183C2083007E1AB3 /* NotificareActions.h */ = {isa = PBXFileReference; fileEncoding = 4; lastKnownFileType = sourcecode.c.h; path = NotificareActions.h; sourceTree = "<group>"; };
		40B5E2F5183C2083007E1AB3 /* NotificareEngine.h */ = {isa = PBXFileReference; fileEncoding = 4; lastKnownFileType = sourcecode.c.h; path = NotificareEngine.h; sourceTree = "<group>"; };
		40B5E2F6183C2083007E1AB3 /* NotificarePushLib.h */ = {isa = PBXFileReference; fileEncoding = 4; lastKnownFileType = sourcecode.c.h; path = NotificarePushLib.h; sourceTree = "<group>"; };
		40B5E2F8183C2083007E1AB3 /* NSData+Hex.h */ = {isa = PBXFileReference; fileEncoding = 4; lastKnownFileType = sourcecode.c.h; path = "NSData+Hex.h"; sourceTree = "<group>"; };
		40B5E2F9183C2083007E1AB3 /* NSDictionary+FromPlist.h */ = {isa = PBXFileReference; fileEncoding = 4; lastKnownFileType = sourcecode.c.h; path = "NSDictionary+FromPlist.h"; sourceTree = "<group>"; };
		40B5E2FA183C2083007E1AB3 /* NSString+FromBundle.h */ = {isa = PBXFileReference; fileEncoding = 4; lastKnownFileType = sourcecode.c.h; path = "NSString+FromBundle.h"; sourceTree = "<group>"; };
		40B5E2FB183C2083007E1AB3 /* NSString+Utils.h */ = {isa = PBXFileReference; fileEncoding = 4; lastKnownFileType = sourcecode.c.h; path = "NSString+Utils.h"; sourceTree = "<group>"; };
		40B5E2FC183C2083007E1AB3 /* UIImage+FromBundle.h */ = {isa = PBXFileReference; fileEncoding = 4; lastKnownFileType = sourcecode.c.h; path = "UIImage+FromBundle.h"; sourceTree = "<group>"; };
		40B5E2FF183C2083007E1AB3 /* NotificareAlert.h */ = {isa = PBXFileReference; fileEncoding = 4; lastKnownFileType = sourcecode.c.h; path = NotificareAlert.h; sourceTree = "<group>"; };
		40B5E301183C2083007E1AB3 /* NotificareForm.h */ = {isa = PBXFileReference; fileEncoding = 4; lastKnownFileType = sourcecode.c.h; path = NotificareForm.h; sourceTree = "<group>"; };
		40B5E303183C2083007E1AB3 /* NotificareImage.h */ = {isa = PBXFileReference; fileEncoding = 4; lastKnownFileType = sourcecode.c.h; path = NotificareImage.h; sourceTree = "<group>"; };
		40B5E305183C2083007E1AB3 /* NotificareLocation.h */ = {isa = PBXFileReference; fileEncoding = 4; lastKnownFileType = sourcecode.c.h; path = NotificareLocation.h; sourceTree = "<group>"; };
		40B5E306183C2083007E1AB3 /* NotificareMap.h */ = {isa = PBXFileReference; fileEncoding = 4; lastKnownFileType = sourcecode.c.h; path = NotificareMap.h; sourceTree = "<group>"; };
		40B5E307183C2083007E1AB3 /* NotificationDelegate.h */ = {isa = PBXFileReference; fileEncoding = 4; lastKnownFileType = sourcecode.c.h; path = NotificationDelegate.h; sourceTree = "<group>"; };
		40B5E308183C2083007E1AB3 /* NotificationType.h */ = {isa = PBXFileReference; fileEncoding = 4; lastKnownFileType = sourcecode.c.h; path = NotificationType.h; sourceTree = "<group>"; };
		40B5E30A183C2083007E1AB3 /* NotificarePassbook.h */ = {isa = PBXFileReference; fileEncoding = 4; lastKnownFileType = sourcecode.c.h; path = NotificarePassbook.h; sourceTree = "<group>"; };
		40B5E30C183C2083007E1AB3 /* NotificareRate.h */ = {isa = PBXFileReference; fileEncoding = 4; lastKnownFileType = sourcecode.c.h; path = NotificareRate.h; sourceTree = "<group>"; };
		40B5E30E183C2083007E1AB3 /* NotificareURL.h */ = {isa = PBXFileReference; fileEncoding = 4; lastKnownFileType = sourcecode.c.h; path = NotificareURL.h; sourceTree = "<group>"; };
		40B5E310183C2083007E1AB3 /* NotificareVideo.h */ = {isa = PBXFileReference; fileEncoding = 4; lastKnownFileType = sourcecode.c.h; path = NotificareVideo.h; sourceTree = "<group>"; };
		40B5E312183C2083007E1AB3 /* NotificareWebView.h */ = {isa = PBXFileReference; fileEncoding = 4; lastKnownFileType = sourcecode.c.h; path = NotificareWebView.h; sourceTree = "<group>"; };
		40B5E313183C2083007E1AB3 /* Notificare.plist */ = {isa = PBXFileReference; fileEncoding = 4; lastKnownFileType = text.plist.xml; path = Notificare.plist; sourceTree = "<group>"; };
		40B5E314183C2083007E1AB3 /* NotificareResources.bundle */ = {isa = PBXFileReference; lastKnownFileType = "wrapper.plug-in"; path = NotificareResources.bundle; sourceTree = "<group>"; };
		40B5E315183C2083007E1AB3 /* README.md */ = {isa = PBXFileReference; fileEncoding = 4; lastKnownFileType = text; path = README.md; sourceTree = "<group>"; };
		40C025A71812A3C6006EEC3F /* NSAlert+MKNetworkKitAdditions.h */ = {isa = PBXFileReference; fileEncoding = 4; lastKnownFileType = sourcecode.c.h; path = "NSAlert+MKNetworkKitAdditions.h"; sourceTree = "<group>"; };
		40C025A81812A3C6006EEC3F /* NSAlert+MKNetworkKitAdditions.m */ = {isa = PBXFileReference; fileEncoding = 4; lastKnownFileType = sourcecode.c.objc; path = "NSAlert+MKNetworkKitAdditions.m"; sourceTree = "<group>"; };
		40C025A91812A3C6006EEC3F /* NSData+MKBase64.h */ = {isa = PBXFileReference; fileEncoding = 4; lastKnownFileType = sourcecode.c.h; path = "NSData+MKBase64.h"; sourceTree = "<group>"; };
		40C025AA1812A3C6006EEC3F /* NSData+MKBase64.m */ = {isa = PBXFileReference; fileEncoding = 4; lastKnownFileType = sourcecode.c.objc; path = "NSData+MKBase64.m"; sourceTree = "<group>"; };
		40C025AB1812A3C6006EEC3F /* NSDate+RFC1123.h */ = {isa = PBXFileReference; fileEncoding = 4; lastKnownFileType = sourcecode.c.h; path = "NSDate+RFC1123.h"; sourceTree = "<group>"; };
		40C025AC1812A3C6006EEC3F /* NSDate+RFC1123.m */ = {isa = PBXFileReference; fileEncoding = 4; lastKnownFileType = sourcecode.c.objc; path = "NSDate+RFC1123.m"; sourceTree = "<group>"; };
		40C025AD1812A3C6006EEC3F /* NSDictionary+RequestEncoding.h */ = {isa = PBXFileReference; fileEncoding = 4; lastKnownFileType = sourcecode.c.h; path = "NSDictionary+RequestEncoding.h"; sourceTree = "<group>"; };
		40C025AE1812A3C6006EEC3F /* NSDictionary+RequestEncoding.m */ = {isa = PBXFileReference; fileEncoding = 4; lastKnownFileType = sourcecode.c.objc; path = "NSDictionary+RequestEncoding.m"; sourceTree = "<group>"; };
		40C025AF1812A3C6006EEC3F /* NSString+MKNetworkKitAdditions.h */ = {isa = PBXFileReference; fileEncoding = 4; lastKnownFileType = sourcecode.c.h; path = "NSString+MKNetworkKitAdditions.h"; sourceTree = "<group>"; };
		40C025B01812A3C6006EEC3F /* NSString+MKNetworkKitAdditions.m */ = {isa = PBXFileReference; fileEncoding = 4; lastKnownFileType = sourcecode.c.objc; path = "NSString+MKNetworkKitAdditions.m"; sourceTree = "<group>"; };
		40C025B11812A3C6006EEC3F /* UIAlertView+MKNetworkKitAdditions.h */ = {isa = PBXFileReference; fileEncoding = 4; lastKnownFileType = sourcecode.c.h; path = "UIAlertView+MKNetworkKitAdditions.h"; sourceTree = "<group>"; };
		40C025B21812A3C6006EEC3F /* UIAlertView+MKNetworkKitAdditions.m */ = {isa = PBXFileReference; fileEncoding = 4; lastKnownFileType = sourcecode.c.objc; path = "UIAlertView+MKNetworkKitAdditions.m"; sourceTree = "<group>"; };
		40C025B31812A3C6006EEC3F /* UIImageView+MKNetworkKitAdditions.h */ = {isa = PBXFileReference; fileEncoding = 4; lastKnownFileType = sourcecode.c.h; path = "UIImageView+MKNetworkKitAdditions.h"; sourceTree = "<group>"; };
		40C025B41812A3C6006EEC3F /* UIImageView+MKNetworkKitAdditions.m */ = {isa = PBXFileReference; fileEncoding = 4; lastKnownFileType = sourcecode.c.objc; path = "UIImageView+MKNetworkKitAdditions.m"; sourceTree = "<group>"; };
		40C025B51812A3C6006EEC3F /* MKNetworkEngine.h */ = {isa = PBXFileReference; fileEncoding = 4; lastKnownFileType = sourcecode.c.h; path = MKNetworkEngine.h; sourceTree = "<group>"; };
		40C025B61812A3C6006EEC3F /* MKNetworkEngine.m */ = {isa = PBXFileReference; fileEncoding = 4; lastKnownFileType = sourcecode.c.objc; path = MKNetworkEngine.m; sourceTree = "<group>"; };
		40C025B71812A3C6006EEC3F /* MKNetworkKit.h */ = {isa = PBXFileReference; fileEncoding = 4; lastKnownFileType = sourcecode.c.h; path = MKNetworkKit.h; sourceTree = "<group>"; };
		40C025B81812A3C6006EEC3F /* MKNetworkOperation.h */ = {isa = PBXFileReference; fileEncoding = 4; lastKnownFileType = sourcecode.c.h; path = MKNetworkOperation.h; sourceTree = "<group>"; };
		40C025B91812A3C6006EEC3F /* MKNetworkOperation.m */ = {isa = PBXFileReference; fileEncoding = 4; lastKnownFileType = sourcecode.c.objc; path = MKNetworkOperation.m; sourceTree = "<group>"; };
		40C025BB1812A3C6006EEC3F /* Reachability.h */ = {isa = PBXFileReference; fileEncoding = 4; lastKnownFileType = sourcecode.c.h; path = Reachability.h; sourceTree = "<group>"; };
		40C025BC1812A3C6006EEC3F /* Reachability.m */ = {isa = PBXFileReference; fileEncoding = 4; lastKnownFileType = sourcecode.c.objc; path = Reachability.m; sourceTree = "<group>"; };
		40C026241812A488006EEC3F /* ImageIO.framework */ = {isa = PBXFileReference; lastKnownFileType = wrapper.framework; name = ImageIO.framework; path = System/Library/Frameworks/ImageIO.framework; sourceTree = SDKROOT; };
		5D43D0AA1708DB2500E360E9 /* QuartzCore.framework */ = {isa = PBXFileReference; lastKnownFileType = wrapper.framework; name = QuartzCore.framework; path = System/Library/Frameworks/QuartzCore.framework; sourceTree = SDKROOT; };
		5DDC0F5E16FCF9780019E5CC /* NotificareDemoApp.app */ = {isa = PBXFileReference; explicitFileType = wrapper.application; includeInIndex = 0; path = NotificareDemoApp.app; sourceTree = BUILT_PRODUCTS_DIR; };
		5DDC0F6116FCF9780019E5CC /* UIKit.framework */ = {isa = PBXFileReference; lastKnownFileType = wrapper.framework; name = UIKit.framework; path = System/Library/Frameworks/UIKit.framework; sourceTree = SDKROOT; };
		5DDC0F6316FCF9780019E5CC /* Foundation.framework */ = {isa = PBXFileReference; lastKnownFileType = wrapper.framework; name = Foundation.framework; path = System/Library/Frameworks/Foundation.framework; sourceTree = SDKROOT; };
		5DDC0F6516FCF9780019E5CC /* CoreGraphics.framework */ = {isa = PBXFileReference; lastKnownFileType = wrapper.framework; name = CoreGraphics.framework; path = System/Library/Frameworks/CoreGraphics.framework; sourceTree = SDKROOT; };
		5DDC0F6916FCF9780019E5CC /* NotificareDemoApp-Info.plist */ = {isa = PBXFileReference; lastKnownFileType = text.plist.xml; path = "NotificareDemoApp-Info.plist"; sourceTree = "<group>"; };
		5DDC0F6B16FCF9790019E5CC /* en */ = {isa = PBXFileReference; lastKnownFileType = text.plist.strings; name = en; path = en.lproj/InfoPlist.strings; sourceTree = "<group>"; };
		5DDC0F6D16FCF9790019E5CC /* main.m */ = {isa = PBXFileReference; lastKnownFileType = sourcecode.c.objc; path = main.m; sourceTree = "<group>"; };
		5DDC0F6F16FCF9790019E5CC /* NotificareDemoApp-Prefix.pch */ = {isa = PBXFileReference; lastKnownFileType = sourcecode.c.h; path = "NotificareDemoApp-Prefix.pch"; sourceTree = "<group>"; };
		5DDC0F7016FCF9790019E5CC /* TSAppDelegate.h */ = {isa = PBXFileReference; lastKnownFileType = sourcecode.c.h; path = TSAppDelegate.h; sourceTree = "<group>"; };
		5DDC0F7116FCF9790019E5CC /* TSAppDelegate.m */ = {isa = PBXFileReference; lastKnownFileType = sourcecode.c.objc; path = TSAppDelegate.m; sourceTree = "<group>"; };
		5DDC0F7316FCF9790019E5CC /* Default.png */ = {isa = PBXFileReference; lastKnownFileType = image.png; path = Default.png; sourceTree = "<group>"; };
		5DDC0F7516FCF9790019E5CC /* Default@2x.png */ = {isa = PBXFileReference; lastKnownFileType = image.png; path = "Default@2x.png"; sourceTree = "<group>"; };
		5DDC0F7716FCF9790019E5CC /* Default-568h@2x.png */ = {isa = PBXFileReference; lastKnownFileType = image.png; path = "Default-568h@2x.png"; sourceTree = "<group>"; };
		5DDC0F7A16FCF9790019E5CC /* en */ = {isa = PBXFileReference; lastKnownFileType = file.storyboard; name = en; path = en.lproj/MainStoryboard_iPhone.storyboard; sourceTree = "<group>"; };
		5DDC0F7D16FCF9790019E5CC /* en */ = {isa = PBXFileReference; lastKnownFileType = file.storyboard; name = en; path = en.lproj/MainStoryboard_iPad.storyboard; sourceTree = "<group>"; };
		5DDC0F7F16FCF9790019E5CC /* TSFirstViewController.h */ = {isa = PBXFileReference; lastKnownFileType = sourcecode.c.h; path = TSFirstViewController.h; sourceTree = "<group>"; };
		5DDC0F8016FCF9790019E5CC /* TSFirstViewController.m */ = {isa = PBXFileReference; lastKnownFileType = sourcecode.c.objc; path = TSFirstViewController.m; sourceTree = "<group>"; };
		5DDC0F8216FCF9790019E5CC /* first.png */ = {isa = PBXFileReference; lastKnownFileType = image.png; path = first.png; sourceTree = "<group>"; };
		5DDC0F8416FCF9790019E5CC /* first@2x.png */ = {isa = PBXFileReference; lastKnownFileType = image.png; path = "first@2x.png"; sourceTree = "<group>"; };
		5DDC0F8616FCF9790019E5CC /* TSSecondViewController.h */ = {isa = PBXFileReference; lastKnownFileType = sourcecode.c.h; path = TSSecondViewController.h; sourceTree = "<group>"; };
		5DDC0F8716FCF9790019E5CC /* TSSecondViewController.m */ = {isa = PBXFileReference; lastKnownFileType = sourcecode.c.objc; path = TSSecondViewController.m; sourceTree = "<group>"; };
		5DDC0F8916FCF9790019E5CC /* second.png */ = {isa = PBXFileReference; lastKnownFileType = image.png; path = second.png; sourceTree = "<group>"; };
		5DDC0F8B16FCF9790019E5CC /* second@2x.png */ = {isa = PBXFileReference; lastKnownFileType = image.png; path = "second@2x.png"; sourceTree = "<group>"; };
		5DDC0FDE16FCFAFE0019E5CC /* CoreLocation.framework */ = {isa = PBXFileReference; lastKnownFileType = wrapper.framework; name = CoreLocation.framework; path = System/Library/Frameworks/CoreLocation.framework; sourceTree = SDKROOT; };
		5DDC0FE016FCFB060019E5CC /* MobileCoreServices.framework */ = {isa = PBXFileReference; lastKnownFileType = wrapper.framework; name = MobileCoreServices.framework; path = System/Library/Frameworks/MobileCoreServices.framework; sourceTree = SDKROOT; };
		5DDC0FE216FCFB0C0019E5CC /* MessageUI.framework */ = {isa = PBXFileReference; lastKnownFileType = wrapper.framework; name = MessageUI.framework; path = System/Library/Frameworks/MessageUI.framework; sourceTree = SDKROOT; };
		5DDC0FE416FCFB130019E5CC /* libicucore.dylib */ = {isa = PBXFileReference; lastKnownFileType = "compiled.mach-o.dylib"; name = libicucore.dylib; path = usr/lib/libicucore.dylib; sourceTree = SDKROOT; };
		5DDC0FE616FCFB1B0019E5CC /* PassKit.framework */ = {isa = PBXFileReference; lastKnownFileType = wrapper.framework; name = PassKit.framework; path = System/Library/Frameworks/PassKit.framework; sourceTree = SDKROOT; };
		5DDC0FE816FCFB210019E5CC /* MapKit.framework */ = {isa = PBXFileReference; lastKnownFileType = wrapper.framework; name = MapKit.framework; path = System/Library/Frameworks/MapKit.framework; sourceTree = SDKROOT; };
		5DDC0FEA16FCFB270019E5CC /* SystemConfiguration.framework */ = {isa = PBXFileReference; lastKnownFileType = wrapper.framework; name = SystemConfiguration.framework; path = System/Library/Frameworks/SystemConfiguration.framework; sourceTree = SDKROOT; };
		5DDC0FEC16FCFB2D0019E5CC /* Security.framework */ = {isa = PBXFileReference; lastKnownFileType = wrapper.framework; name = Security.framework; path = System/Library/Frameworks/Security.framework; sourceTree = SDKROOT; };
		5DDC0FEE16FCFB330019E5CC /* CFNetwork.framework */ = {isa = PBXFileReference; lastKnownFileType = wrapper.framework; name = CFNetwork.framework; path = System/Library/Frameworks/CFNetwork.framework; sourceTree = SDKROOT; };
		5DDC0FF216FCFE290019E5CC /* Icon-72.png */ = {isa = PBXFileReference; lastKnownFileType = image.png; path = "Icon-72.png"; sourceTree = "<group>"; };
		5DDC0FF316FCFE290019E5CC /* Icon-72@2x.png */ = {isa = PBXFileReference; lastKnownFileType = image.png; path = "Icon-72@2x.png"; sourceTree = "<group>"; };
		5DDC0FF416FCFE290019E5CC /* Icon-Small-50.png */ = {isa = PBXFileReference; lastKnownFileType = image.png; path = "Icon-Small-50.png"; sourceTree = "<group>"; };
		5DDC0FF516FCFE290019E5CC /* Icon-Small-50@2x.png */ = {isa = PBXFileReference; lastKnownFileType = image.png; path = "Icon-Small-50@2x.png"; sourceTree = "<group>"; };
		5DDC0FF616FCFE290019E5CC /* Icon-Small.png */ = {isa = PBXFileReference; lastKnownFileType = image.png; path = "Icon-Small.png"; sourceTree = "<group>"; };
		5DDC0FF716FCFE290019E5CC /* Icon-Small@2x.png */ = {isa = PBXFileReference; lastKnownFileType = image.png; path = "Icon-Small@2x.png"; sourceTree = "<group>"; };
		5DDC0FF816FCFE290019E5CC /* Icon.png */ = {isa = PBXFileReference; lastKnownFileType = image.png; path = Icon.png; sourceTree = "<group>"; };
		5DDC0FF916FCFE290019E5CC /* Icon@2x.png */ = {isa = PBXFileReference; lastKnownFileType = image.png; path = "Icon@2x.png"; sourceTree = "<group>"; };
		5DE826711700E48500BA0247 /* TwitterEngine.h */ = {isa = PBXFileReference; fileEncoding = 4; lastKnownFileType = sourcecode.c.h; name = TwitterEngine.h; path = NotificareDemoApp/Engines/TwitterEngine.h; sourceTree = SOURCE_ROOT; };
		5DE826721700E48500BA0247 /* TwitterEngine.m */ = {isa = PBXFileReference; fileEncoding = 4; lastKnownFileType = sourcecode.c.objc; name = TwitterEngine.m; path = NotificareDemoApp/Engines/TwitterEngine.m; sourceTree = SOURCE_ROOT; };
/* End PBXFileReference section */

/* Begin PBXFrameworksBuildPhase section */
		5DDC0F5B16FCF9780019E5CC /* Frameworks */ = {
			isa = PBXFrameworksBuildPhase;
			buildActionMask = 2147483647;
			files = (
				40C026251812A488006EEC3F /* ImageIO.framework in Frameworks */,
				5D43D0AB1708DB2500E360E9 /* QuartzCore.framework in Frameworks */,
				5DDC0FEF16FCFB330019E5CC /* CFNetwork.framework in Frameworks */,
				5DDC0FED16FCFB2D0019E5CC /* Security.framework in Frameworks */,
				5DDC0FEB16FCFB270019E5CC /* SystemConfiguration.framework in Frameworks */,
				5DDC0FE916FCFB210019E5CC /* MapKit.framework in Frameworks */,
				5DDC0FE716FCFB1B0019E5CC /* PassKit.framework in Frameworks */,
				5DDC0FE516FCFB130019E5CC /* libicucore.dylib in Frameworks */,
				5DDC0FE316FCFB0C0019E5CC /* MessageUI.framework in Frameworks */,
				5DDC0FE116FCFB060019E5CC /* MobileCoreServices.framework in Frameworks */,
				5DDC0FDF16FCFAFE0019E5CC /* CoreLocation.framework in Frameworks */,
				5DDC0F6216FCF9780019E5CC /* UIKit.framework in Frameworks */,
				40B5E317183C2083007E1AB3 /* libNotificarePushLib.a in Frameworks */,
				5DDC0F6416FCF9780019E5CC /* Foundation.framework in Frameworks */,
				5DDC0F6616FCF9780019E5CC /* CoreGraphics.framework in Frameworks */,
			);
			runOnlyForDeploymentPostprocessing = 0;
		};
/* End PBXFrameworksBuildPhase section */

/* Begin PBXGroup section */
		40B5E2C6183C2083007E1AB3 /* notificare-push-lib-1.0-RC1 */ = {
			isa = PBXGroup;
			children = (
				40B5E2C7183C2083007E1AB3 /* .gitignore */,
				40B5E2C8183C2083007E1AB3 /* libNotificarePushLib.a */,
				40B5E2C9183C2083007E1AB3 /* Notificare */,
				40B5E313183C2083007E1AB3 /* Notificare.plist */,
				40B5E314183C2083007E1AB3 /* NotificareResources.bundle */,
				40B5E315183C2083007E1AB3 /* README.md */,
			);
			path = "notificare-push-lib-1.0-RC1";
			sourceTree = "<group>";
		};
		40B5E2C9183C2083007E1AB3 /* Notificare */ = {
			isa = PBXGroup;
			children = (
				40B5E2CA183C2083007E1AB3 /* NotificarePushLib */,
			);
			path = Notificare;
			sourceTree = "<group>";
		};
		40B5E2CA183C2083007E1AB3 /* NotificarePushLib */ = {
			isa = PBXGroup;
			children = (
				40B5E2CB183C2083007E1AB3 /* Actions */,
				40B5E2DC183C2083007E1AB3 /* Libraries */,
				40B5E2EE183C2083007E1AB3 /* Models */,
				40B5E2F3183C2083007E1AB3 /* Notificare.h */,
				40B5E2F4183C2083007E1AB3 /* NotificareActions.h */,
				40B5E2F5183C2083007E1AB3 /* NotificareEngine.h */,
				40B5E2F6183C2083007E1AB3 /* NotificarePushLib.h */,
				40B5E2F7183C2083007E1AB3 /* Shared */,
				40B5E2FD183C2083007E1AB3 /* Types */,
			);
			path = NotificarePushLib;
			sourceTree = "<group>";
		};
		40B5E2CB183C2083007E1AB3 /* Actions */ = {
			isa = PBXGroup;
			children = (
				40B5E2CC183C2083007E1AB3 /* ActionDelegate.h */,
				40B5E2CD183C2083007E1AB3 /* ActionType.h */,
				40B5E2CE183C2083007E1AB3 /* App */,
				40B5E2D0183C2083007E1AB3 /* Browser */,
				40B5E2D2183C2083007E1AB3 /* Callback */,
				40B5E2D4183C2083007E1AB3 /* Custom */,
				40B5E2D6183C2083007E1AB3 /* Mail */,
				40B5E2D8183C2083007E1AB3 /* SMS */,
				40B5E2DA183C2083007E1AB3 /* Telephone */,
			);
			path = Actions;
			sourceTree = "<group>";
		};
		40B5E2CE183C2083007E1AB3 /* App */ = {
			isa = PBXGroup;
			children = (
				40B5E2CF183C2083007E1AB3 /* NotificareApp.h */,
			);
			path = App;
			sourceTree = "<group>";
		};
		40B5E2D0183C2083007E1AB3 /* Browser */ = {
			isa = PBXGroup;
			children = (
				40B5E2D1183C2083007E1AB3 /* NotificareBrowser.h */,
			);
			path = Browser;
			sourceTree = "<group>";
		};
		40B5E2D2183C2083007E1AB3 /* Callback */ = {
			isa = PBXGroup;
			children = (
				40B5E2D3183C2083007E1AB3 /* NotificareCallback.h */,
			);
			path = Callback;
			sourceTree = "<group>";
		};
		40B5E2D4183C2083007E1AB3 /* Custom */ = {
			isa = PBXGroup;
			children = (
				40B5E2D5183C2083007E1AB3 /* NotificareCustom.h */,
			);
			path = Custom;
			sourceTree = "<group>";
		};
		40B5E2D6183C2083007E1AB3 /* Mail */ = {
			isa = PBXGroup;
			children = (
				40B5E2D7183C2083007E1AB3 /* NotificareMail.h */,
			);
			path = Mail;
			sourceTree = "<group>";
		};
		40B5E2D8183C2083007E1AB3 /* SMS */ = {
			isa = PBXGroup;
			children = (
				40B5E2D9183C2083007E1AB3 /* NotificareSMS.h */,
			);
			path = SMS;
			sourceTree = "<group>";
		};
		40B5E2DA183C2083007E1AB3 /* Telephone */ = {
			isa = PBXGroup;
			children = (
				40B5E2DB183C2083007E1AB3 /* NotificareTelephone.h */,
			);
			path = Telephone;
			sourceTree = "<group>";
		};
		40B5E2DC183C2083007E1AB3 /* Libraries */ = {
			isa = PBXGroup;
			children = (
				40B5E2DD183C2083007E1AB3 /* MKNetworkKit */,
				40B5E2E9183C2083007E1AB3 /* SocketRocket */,
			);
			path = Libraries;
			sourceTree = "<group>";
		};
		40B5E2DD183C2083007E1AB3 /* MKNetworkKit */ = {
			isa = PBXGroup;
			children = (
				40B5E2DE183C2083007E1AB3 /* Categories */,
				40B5E2E4183C2083007E1AB3 /* NotificareMKNetworkEngine.h */,
				40B5E2E5183C2083007E1AB3 /* NotificareMKNetworkKit.h */,
				40B5E2E6183C2083007E1AB3 /* NotificareMKNetworkOperation.h */,
				40B5E2E7183C2083007E1AB3 /* Reachability */,
			);
			path = MKNetworkKit;
			sourceTree = "<group>";
		};
		40B5E2DE183C2083007E1AB3 /* Categories */ = {
			isa = PBXGroup;
			children = (
				40B5E2DF183C2083007E1AB3 /* NSData+NotificareMKBase64.h */,
				40B5E2E0183C2083007E1AB3 /* NSDate+NotificareRFC1123.h */,
				40B5E2E1183C2083007E1AB3 /* NSDictionary+NotificareRequestEncoding.h */,
				40B5E2E2183C2083007E1AB3 /* NSString+NotificareMKNetworkKitAdditions.h */,
				40B5E2E3183C2083007E1AB3 /* UIAlertView+NotificareMKNetworkKitAdditions.h */,
			);
			path = Categories;
			sourceTree = "<group>";
		};
		40B5E2E7183C2083007E1AB3 /* Reachability */ = {
			isa = PBXGroup;
			children = (
				40B5E2E8183C2083007E1AB3 /* NotificareReachability.h */,
			);
			path = Reachability;
			sourceTree = "<group>";
		};
		40B5E2E9183C2083007E1AB3 /* SocketRocket */ = {
			isa = PBXGroup;
			children = (
				40B5E2EA183C2083007E1AB3 /* base64.h */,
				40B5E2EB183C2083007E1AB3 /* NSData+SRB64Additions.h */,
				40B5E2EC183C2083007E1AB3 /* SocketRocket-Prefix.pch */,
				40B5E2ED183C2083007E1AB3 /* SRWebSocket.h */,
			);
			path = SocketRocket;
			sourceTree = "<group>";
		};
		40B5E2EE183C2083007E1AB3 /* Models */ = {
			isa = PBXGroup;
			children = (
				40B5E2EF183C2083007E1AB3 /* Action.h */,
				40B5E2F0183C2083007E1AB3 /* Attachment.h */,
				40B5E2F1183C2083007E1AB3 /* Content.h */,
				40B5E2F2183C2083007E1AB3 /* Notification.h */,
			);
			path = Models;
			sourceTree = "<group>";
		};
		40B5E2F7183C2083007E1AB3 /* Shared */ = {
			isa = PBXGroup;
			children = (
				40B5E2F8183C2083007E1AB3 /* NSData+Hex.h */,
				40B5E2F9183C2083007E1AB3 /* NSDictionary+FromPlist.h */,
				40B5E2FA183C2083007E1AB3 /* NSString+FromBundle.h */,
				40B5E2FB183C2083007E1AB3 /* NSString+Utils.h */,
				40B5E2FC183C2083007E1AB3 /* UIImage+FromBundle.h */,
			);
			path = Shared;
			sourceTree = "<group>";
		};
		40B5E2FD183C2083007E1AB3 /* Types */ = {
			isa = PBXGroup;
			children = (
				40B5E2FE183C2083007E1AB3 /* Alert */,
				40B5E300183C2083007E1AB3 /* Form */,
				40B5E302183C2083007E1AB3 /* Image */,
				40B5E304183C2083007E1AB3 /* Map */,
				40B5E307183C2083007E1AB3 /* NotificationDelegate.h */,
				40B5E308183C2083007E1AB3 /* NotificationType.h */,
				40B5E309183C2083007E1AB3 /* Passbook */,
				40B5E30B183C2083007E1AB3 /* Rate */,
				40B5E30D183C2083007E1AB3 /* URL */,
				40B5E30F183C2083007E1AB3 /* Video */,
				40B5E311183C2083007E1AB3 /* WebView */,
			);
			path = Types;
			sourceTree = "<group>";
		};
		40B5E2FE183C2083007E1AB3 /* Alert */ = {
			isa = PBXGroup;
			children = (
				40B5E2FF183C2083007E1AB3 /* NotificareAlert.h */,
			);
			path = Alert;
			sourceTree = "<group>";
		};
		40B5E300183C2083007E1AB3 /* Form */ = {
			isa = PBXGroup;
			children = (
				40B5E301183C2083007E1AB3 /* NotificareForm.h */,
			);
			path = Form;
			sourceTree = "<group>";
		};
		40B5E302183C2083007E1AB3 /* Image */ = {
			isa = PBXGroup;
			children = (
				40B5E303183C2083007E1AB3 /* NotificareImage.h */,
			);
			path = Image;
			sourceTree = "<group>";
		};
		40B5E304183C2083007E1AB3 /* Map */ = {
			isa = PBXGroup;
			children = (
				40B5E305183C2083007E1AB3 /* NotificareLocation.h */,
				40B5E306183C2083007E1AB3 /* NotificareMap.h */,
			);
			path = Map;
			sourceTree = "<group>";
		};
		40B5E309183C2083007E1AB3 /* Passbook */ = {
			isa = PBXGroup;
			children = (
				40B5E30A183C2083007E1AB3 /* NotificarePassbook.h */,
			);
			path = Passbook;
			sourceTree = "<group>";
		};
		40B5E30B183C2083007E1AB3 /* Rate */ = {
			isa = PBXGroup;
			children = (
				40B5E30C183C2083007E1AB3 /* NotificareRate.h */,
			);
			path = Rate;
			sourceTree = "<group>";
		};
		40B5E30D183C2083007E1AB3 /* URL */ = {
			isa = PBXGroup;
			children = (
				40B5E30E183C2083007E1AB3 /* NotificareURL.h */,
			);
			path = URL;
			sourceTree = "<group>";
		};
		40B5E30F183C2083007E1AB3 /* Video */ = {
			isa = PBXGroup;
			children = (
				40B5E310183C2083007E1AB3 /* NotificareVideo.h */,
			);
			path = Video;
			sourceTree = "<group>";
		};
		40B5E311183C2083007E1AB3 /* WebView */ = {
			isa = PBXGroup;
			children = (
				40B5E312183C2083007E1AB3 /* NotificareWebView.h */,
			);
			path = WebView;
			sourceTree = "<group>";
		};
		40C025A41812A3C6006EEC3F /* Libs */ = {
			isa = PBXGroup;
			children = (
				40B5E2C6183C2083007E1AB3 /* notificare-push-lib-1.0-RC1 */,
				40C025A51812A3C6006EEC3F /* MKNetworkKit */,
			);
			path = Libs;
			sourceTree = "<group>";
		};
		40C025A51812A3C6006EEC3F /* MKNetworkKit */ = {
			isa = PBXGroup;
			children = (
				40C025A61812A3C6006EEC3F /* Categories */,
				40C025B51812A3C6006EEC3F /* MKNetworkEngine.h */,
				40C025B61812A3C6006EEC3F /* MKNetworkEngine.m */,
				40C025B71812A3C6006EEC3F /* MKNetworkKit.h */,
				40C025B81812A3C6006EEC3F /* MKNetworkOperation.h */,
				40C025B91812A3C6006EEC3F /* MKNetworkOperation.m */,
				40C025BA1812A3C6006EEC3F /* Reachability */,
			);
			path = MKNetworkKit;
			sourceTree = "<group>";
		};
		40C025A61812A3C6006EEC3F /* Categories */ = {
			isa = PBXGroup;
			children = (
				40C025A71812A3C6006EEC3F /* NSAlert+MKNetworkKitAdditions.h */,
				40C025A81812A3C6006EEC3F /* NSAlert+MKNetworkKitAdditions.m */,
				40C025A91812A3C6006EEC3F /* NSData+MKBase64.h */,
				40C025AA1812A3C6006EEC3F /* NSData+MKBase64.m */,
				40C025AB1812A3C6006EEC3F /* NSDate+RFC1123.h */,
				40C025AC1812A3C6006EEC3F /* NSDate+RFC1123.m */,
				40C025AD1812A3C6006EEC3F /* NSDictionary+RequestEncoding.h */,
				40C025AE1812A3C6006EEC3F /* NSDictionary+RequestEncoding.m */,
				40C025AF1812A3C6006EEC3F /* NSString+MKNetworkKitAdditions.h */,
				40C025B01812A3C6006EEC3F /* NSString+MKNetworkKitAdditions.m */,
				40C025B11812A3C6006EEC3F /* UIAlertView+MKNetworkKitAdditions.h */,
				40C025B21812A3C6006EEC3F /* UIAlertView+MKNetworkKitAdditions.m */,
				40C025B31812A3C6006EEC3F /* UIImageView+MKNetworkKitAdditions.h */,
				40C025B41812A3C6006EEC3F /* UIImageView+MKNetworkKitAdditions.m */,
			);
			path = Categories;
			sourceTree = "<group>";
		};
		40C025BA1812A3C6006EEC3F /* Reachability */ = {
			isa = PBXGroup;
			children = (
				40C025BB1812A3C6006EEC3F /* Reachability.h */,
				40C025BC1812A3C6006EEC3F /* Reachability.m */,
			);
			path = Reachability;
			sourceTree = "<group>";
		};
		5D81815A170082C200EF9693 /* Engines */ = {
			isa = PBXGroup;
			children = (
				5DE826711700E48500BA0247 /* TwitterEngine.h */,
				5DE826721700E48500BA0247 /* TwitterEngine.m */,
			);
			name = Engines;
			path = ../../../../../joel/iOSDevelopment/Projects/NotificareDemoApp/NotificareDemoApp/Engines;
			sourceTree = "<group>";
		};
		5DDC0F5516FCF9780019E5CC = {
			isa = PBXGroup;
			children = (
				5DDC0F6716FCF9780019E5CC /* NotificareDemoApp */,
				5DDC0F6016FCF9780019E5CC /* Frameworks */,
				5DDC0F5F16FCF9780019E5CC /* Products */,
			);
			sourceTree = "<group>";
		};
		5DDC0F5F16FCF9780019E5CC /* Products */ = {
			isa = PBXGroup;
			children = (
				5DDC0F5E16FCF9780019E5CC /* NotificareDemoApp.app */,
			);
			name = Products;
			sourceTree = "<group>";
		};
		5DDC0F6016FCF9780019E5CC /* Frameworks */ = {
			isa = PBXGroup;
			children = (
				40C026241812A488006EEC3F /* ImageIO.framework */,
				5D43D0AA1708DB2500E360E9 /* QuartzCore.framework */,
				5DDC0FEE16FCFB330019E5CC /* CFNetwork.framework */,
				5DDC0FEC16FCFB2D0019E5CC /* Security.framework */,
				5DDC0FEA16FCFB270019E5CC /* SystemConfiguration.framework */,
				5DDC0FE816FCFB210019E5CC /* MapKit.framework */,
				5DDC0FE616FCFB1B0019E5CC /* PassKit.framework */,
				5DDC0FE416FCFB130019E5CC /* libicucore.dylib */,
				5DDC0FE216FCFB0C0019E5CC /* MessageUI.framework */,
				5DDC0FE016FCFB060019E5CC /* MobileCoreServices.framework */,
				5DDC0FDE16FCFAFE0019E5CC /* CoreLocation.framework */,
				5DDC0F6116FCF9780019E5CC /* UIKit.framework */,
				5DDC0F6316FCF9780019E5CC /* Foundation.framework */,
				5DDC0F6516FCF9780019E5CC /* CoreGraphics.framework */,
			);
			name = Frameworks;
			sourceTree = "<group>";
		};
		5DDC0F6716FCF9780019E5CC /* NotificareDemoApp */ = {
			isa = PBXGroup;
			children = (
				40C025A41812A3C6006EEC3F /* Libs */,
				5D81815A170082C200EF9693 /* Engines */,
				5DDC0FF016FCFE280019E5CC /* Resources */,
				5DDC0F7016FCF9790019E5CC /* TSAppDelegate.h */,
				5DDC0F7116FCF9790019E5CC /* TSAppDelegate.m */,
				5DDC0F7916FCF9790019E5CC /* MainStoryboard_iPhone.storyboard */,
				5DDC0F7C16FCF9790019E5CC /* MainStoryboard_iPad.storyboard */,
				5DDC0F7F16FCF9790019E5CC /* TSFirstViewController.h */,
				5DDC0F8016FCF9790019E5CC /* TSFirstViewController.m */,
				5DDC0F8216FCF9790019E5CC /* first.png */,
				5DDC0F8416FCF9790019E5CC /* first@2x.png */,
				5DDC0F8616FCF9790019E5CC /* TSSecondViewController.h */,
				5DDC0F8716FCF9790019E5CC /* TSSecondViewController.m */,
				5DDC0F8916FCF9790019E5CC /* second.png */,
				5DDC0F8B16FCF9790019E5CC /* second@2x.png */,
				5DDC0F6816FCF9780019E5CC /* Supporting Files */,
			);
			path = NotificareDemoApp;
			sourceTree = "<group>";
		};
		5DDC0F6816FCF9780019E5CC /* Supporting Files */ = {
			isa = PBXGroup;
			children = (
				5DDC0F6916FCF9780019E5CC /* NotificareDemoApp-Info.plist */,
				5DDC0F6A16FCF9790019E5CC /* InfoPlist.strings */,
				5DDC0F6D16FCF9790019E5CC /* main.m */,
				5DDC0F6F16FCF9790019E5CC /* NotificareDemoApp-Prefix.pch */,
				5DDC0F7316FCF9790019E5CC /* Default.png */,
				5DDC0F7516FCF9790019E5CC /* Default@2x.png */,
				5DDC0F7716FCF9790019E5CC /* Default-568h@2x.png */,
			);
			name = "Supporting Files";
			sourceTree = "<group>";
		};
		5DDC0FF016FCFE280019E5CC /* Resources */ = {
			isa = PBXGroup;
			children = (
				5DDC0FF116FCFE290019E5CC /* Images */,
			);
			path = Resources;
			sourceTree = "<group>";
		};
		5DDC0FF116FCFE290019E5CC /* Images */ = {
			isa = PBXGroup;
			children = (
				5DDC0FF216FCFE290019E5CC /* Icon-72.png */,
				5DDC0FF316FCFE290019E5CC /* Icon-72@2x.png */,
				5DDC0FF416FCFE290019E5CC /* Icon-Small-50.png */,
				5DDC0FF516FCFE290019E5CC /* Icon-Small-50@2x.png */,
				5DDC0FF616FCFE290019E5CC /* Icon-Small.png */,
				5DDC0FF716FCFE290019E5CC /* Icon-Small@2x.png */,
				5DDC0FF816FCFE290019E5CC /* Icon.png */,
				5DDC0FF916FCFE290019E5CC /* Icon@2x.png */,
			);
			path = Images;
			sourceTree = "<group>";
		};
/* End PBXGroup section */

/* Begin PBXNativeTarget section */
		5DDC0F5D16FCF9780019E5CC /* NotificareDemoApp */ = {
			isa = PBXNativeTarget;
			buildConfigurationList = 5DDC0F8F16FCF9790019E5CC /* Build configuration list for PBXNativeTarget "NotificareDemoApp" */;
			buildPhases = (
				5DDC0F5A16FCF9780019E5CC /* Sources */,
				5DDC0F5B16FCF9780019E5CC /* Frameworks */,
				5DDC0F5C16FCF9780019E5CC /* Resources */,
			);
			buildRules = (
			);
			dependencies = (
			);
			name = NotificareDemoApp;
			productName = NotificareDemoApp;
			productReference = 5DDC0F5E16FCF9780019E5CC /* NotificareDemoApp.app */;
			productType = "com.apple.product-type.application";
		};
/* End PBXNativeTarget section */

/* Begin PBXProject section */
		5DDC0F5616FCF9780019E5CC /* Project object */ = {
			isa = PBXProject;
			attributes = {
				CLASSPREFIX = TS;
				LastUpgradeCheck = 0460;
				ORGANIZATIONNAME = Notificare;
				TargetAttributes = {
					5DDC0F5D16FCF9780019E5CC = {
						SystemCapabilities = {
							com.apple.BackgroundModes = {
								enabled = 1;
							};
						};
					};
				};
			};
			buildConfigurationList = 5DDC0F5916FCF9780019E5CC /* Build configuration list for PBXProject "NotificareDemoApp" */;
			compatibilityVersion = "Xcode 3.2";
			developmentRegion = English;
			hasScannedForEncodings = 0;
			knownRegions = (
				en,
			);
			mainGroup = 5DDC0F5516FCF9780019E5CC;
			productRefGroup = 5DDC0F5F16FCF9780019E5CC /* Products */;
			projectDirPath = "";
			projectRoot = "";
			targets = (
				5DDC0F5D16FCF9780019E5CC /* NotificareDemoApp */,
			);
		};
/* End PBXProject section */

/* Begin PBXResourcesBuildPhase section */
		5DDC0F5C16FCF9780019E5CC /* Resources */ = {
			isa = PBXResourcesBuildPhase;
			buildActionMask = 2147483647;
			files = (
				5DDC0F6C16FCF9790019E5CC /* InfoPlist.strings in Resources */,
				5DDC0F7416FCF9790019E5CC /* Default.png in Resources */,
				5DDC0F7616FCF9790019E5CC /* Default@2x.png in Resources */,
				5DDC0F7816FCF9790019E5CC /* Default-568h@2x.png in Resources */,
				5DDC0F7B16FCF9790019E5CC /* MainStoryboard_iPhone.storyboard in Resources */,
				5DDC0F7E16FCF9790019E5CC /* MainStoryboard_iPad.storyboard in Resources */,
				5DDC0F8316FCF9790019E5CC /* first.png in Resources */,
				5DDC0F8516FCF9790019E5CC /* first@2x.png in Resources */,
				5DDC0F8A16FCF9790019E5CC /* second.png in Resources */,
				5DDC0F8C16FCF9790019E5CC /* second@2x.png in Resources */,
				40B5E318183C2083007E1AB3 /* Notificare.plist in Resources */,
				5DDC0FFA16FCFE290019E5CC /* Icon-72.png in Resources */,
				40B5E316183C2083007E1AB3 /* .gitignore in Resources */,
				5DDC0FFB16FCFE290019E5CC /* Icon-72@2x.png in Resources */,
				5DDC0FFC16FCFE290019E5CC /* Icon-Small-50.png in Resources */,
				5DDC0FFD16FCFE290019E5CC /* Icon-Small-50@2x.png in Resources */,
				5DDC0FFE16FCFE290019E5CC /* Icon-Small.png in Resources */,
				5DDC0FFF16FCFE290019E5CC /* Icon-Small@2x.png in Resources */,
				5DDC100016FCFE290019E5CC /* Icon.png in Resources */,
				40B5E319183C2083007E1AB3 /* NotificareResources.bundle in Resources */,
				40B5E31A183C2083007E1AB3 /* README.md in Resources */,
				5DDC100116FCFE290019E5CC /* Icon@2x.png in Resources */,
			);
			runOnlyForDeploymentPostprocessing = 0;
		};
/* End PBXResourcesBuildPhase section */

/* Begin PBXSourcesBuildPhase section */
		5DDC0F5A16FCF9780019E5CC /* Sources */ = {
			isa = PBXSourcesBuildPhase;
			buildActionMask = 2147483647;
			files = (
				5DDC0F6E16FCF9790019E5CC /* main.m in Sources */,
				40C026141812A3C6006EEC3F /* NSDictionary+RequestEncoding.m in Sources */,
				40C026181812A3C6006EEC3F /* MKNetworkEngine.m in Sources */,
				40C026171812A3C6006EEC3F /* UIImageView+MKNetworkKitAdditions.m in Sources */,
				40C0261A1812A3C6006EEC3F /* Reachability.m in Sources */,
				40C026161812A3C6006EEC3F /* UIAlertView+MKNetworkKitAdditions.m in Sources */,
				5DDC0F7216FCF9790019E5CC /* TSAppDelegate.m in Sources */,
				5DDC0F8116FCF9790019E5CC /* TSFirstViewController.m in Sources */,
				40C026111812A3C6006EEC3F /* NSAlert+MKNetworkKitAdditions.m in Sources */,
				5DDC0F8816FCF9790019E5CC /* TSSecondViewController.m in Sources */,
				40C026121812A3C6006EEC3F /* NSData+MKBase64.m in Sources */,
				40C026191812A3C6006EEC3F /* MKNetworkOperation.m in Sources */,
				5DE826731700E48500BA0247 /* TwitterEngine.m in Sources */,
				40C026151812A3C6006EEC3F /* NSString+MKNetworkKitAdditions.m in Sources */,
				40C026131812A3C6006EEC3F /* NSDate+RFC1123.m in Sources */,
			);
			runOnlyForDeploymentPostprocessing = 0;
		};
/* End PBXSourcesBuildPhase section */

/* Begin PBXVariantGroup section */
		5DDC0F6A16FCF9790019E5CC /* InfoPlist.strings */ = {
			isa = PBXVariantGroup;
			children = (
				5DDC0F6B16FCF9790019E5CC /* en */,
			);
			name = InfoPlist.strings;
			sourceTree = "<group>";
		};
		5DDC0F7916FCF9790019E5CC /* MainStoryboard_iPhone.storyboard */ = {
			isa = PBXVariantGroup;
			children = (
				5DDC0F7A16FCF9790019E5CC /* en */,
			);
			name = MainStoryboard_iPhone.storyboard;
			sourceTree = "<group>";
		};
		5DDC0F7C16FCF9790019E5CC /* MainStoryboard_iPad.storyboard */ = {
			isa = PBXVariantGroup;
			children = (
				5DDC0F7D16FCF9790019E5CC /* en */,
			);
			name = MainStoryboard_iPad.storyboard;
			sourceTree = "<group>";
		};
/* End PBXVariantGroup section */

/* Begin XCBuildConfiguration section */
		5DDC0F8D16FCF9790019E5CC /* Debug */ = {
			isa = XCBuildConfiguration;
			buildSettings = {
				ALWAYS_SEARCH_USER_PATHS = NO;
				CLANG_CXX_LANGUAGE_STANDARD = "gnu++0x";
				CLANG_CXX_LIBRARY = "libc++";
				CLANG_ENABLE_OBJC_ARC = YES;
				CLANG_WARN_CONSTANT_CONVERSION = YES;
				CLANG_WARN_EMPTY_BODY = YES;
				CLANG_WARN_ENUM_CONVERSION = YES;
				CLANG_WARN_INT_CONVERSION = YES;
				CLANG_WARN__DUPLICATE_METHOD_MATCH = YES;
				CODE_SIGN_IDENTITY = "iPhone Developer: Joris Verbogt (QWNN2H6Y6W)";
				"CODE_SIGN_IDENTITY[sdk=iphoneos*]" = "iPhone Developer: Joris Verbogt (QWNN2H6Y6W)";
				COPY_PHASE_STRIP = NO;
				GCC_C_LANGUAGE_STANDARD = gnu99;
				GCC_DYNAMIC_NO_PIC = NO;
				GCC_OPTIMIZATION_LEVEL = 0;
				GCC_PREPROCESSOR_DEFINITIONS = (
					"DEBUG=1",
					"$(inherited)",
				);
				GCC_SYMBOLS_PRIVATE_EXTERN = NO;
				GCC_WARN_ABOUT_RETURN_TYPE = YES;
				GCC_WARN_UNINITIALIZED_AUTOS = YES;
				GCC_WARN_UNUSED_VARIABLE = YES;
				IPHONEOS_DEPLOYMENT_TARGET = 6.1;
				ONLY_ACTIVE_ARCH = YES;
				PROVISIONING_PROFILE = "02AE0EB7-A7B4-4112-A914-D10F5AE815BA";
				"PROVISIONING_PROFILE[sdk=iphoneos*]" = "02AE0EB7-A7B4-4112-A914-D10F5AE815BA";
				SDKROOT = iphoneos;
				TARGETED_DEVICE_FAMILY = "1,2";
				VALID_ARCHS = "arm64 armv7 armv7s i386";
			};
			name = Debug;
		};
		5DDC0F8E16FCF9790019E5CC /* Release */ = {
			isa = XCBuildConfiguration;
			buildSettings = {
				ALWAYS_SEARCH_USER_PATHS = NO;
				CLANG_CXX_LANGUAGE_STANDARD = "gnu++0x";
				CLANG_CXX_LIBRARY = "libc++";
				CLANG_ENABLE_OBJC_ARC = YES;
				CLANG_WARN_CONSTANT_CONVERSION = YES;
				CLANG_WARN_EMPTY_BODY = YES;
				CLANG_WARN_ENUM_CONVERSION = YES;
				CLANG_WARN_INT_CONVERSION = YES;
				CLANG_WARN__DUPLICATE_METHOD_MATCH = YES;
				CODE_SIGN_IDENTITY = "iPhone Distribution";
				"CODE_SIGN_IDENTITY[sdk=iphoneos*]" = "iPhone Distribution";
				COPY_PHASE_STRIP = YES;
				GCC_C_LANGUAGE_STANDARD = gnu99;
				GCC_WARN_ABOUT_RETURN_TYPE = YES;
				GCC_WARN_UNINITIALIZED_AUTOS = YES;
				GCC_WARN_UNUSED_VARIABLE = YES;
				IPHONEOS_DEPLOYMENT_TARGET = 6.1;
				OTHER_CFLAGS = "-DNS_BLOCK_ASSERTIONS=1";
				PROVISIONING_PROFILE = "";
				"PROVISIONING_PROFILE[sdk=iphoneos*]" = "";
				SDKROOT = iphoneos;
				TARGETED_DEVICE_FAMILY = "1,2";
				VALIDATE_PRODUCT = YES;
				VALID_ARCHS = "arm64 armv7 armv7s i386";
			};
			name = Release;
		};
		5DDC0F9016FCF9790019E5CC /* Debug */ = {
			isa = XCBuildConfiguration;
			buildSettings = {
				CODE_SIGN_IDENTITY = "iPhone Developer: Joris Verbogt (QWNN2H6Y6W)";
				"CODE_SIGN_IDENTITY[sdk=iphoneos*]" = "iPhone Developer: Joris Verbogt (QWNN2H6Y6W)";
				GCC_PRECOMPILE_PREFIX_HEADER = YES;
				GCC_PREFIX_HEADER = "NotificareDemoApp/NotificareDemoApp-Prefix.pch";
				INFOPLIST_FILE = "NotificareDemoApp/NotificareDemoApp-Info.plist";
				LIBRARY_SEARCH_PATHS = (
					"$(inherited)",
					"\\\\\\\\\\\\\\\\\\\\\\\\\\\\\\\"$(SRCROOT)/NotificareDemoApp\\\\\\\\\\\\\\\\\\\\\\\\\\\\\\\"",
					"/Users/joeloliveira/Documents/iOSDevelopment/Projects/notificare-demo-ios/NotificareDemoApp/Libs/notificare-push-lib-1.0-RC1",
				);
				OTHER_LDFLAGS = "-all_load";
				PRODUCT_NAME = "$(TARGET_NAME)";
				PROVISIONING_PROFILE = "02AE0EB7-A7B4-4112-A914-D10F5AE815BA";
				"PROVISIONING_PROFILE[sdk=iphoneos*]" = "02AE0EB7-A7B4-4112-A914-D10F5AE815BA";
				VALID_ARCHS = "arm64 armv7 armv7s i386";
				WRAPPER_EXTENSION = app;
			};
			name = Debug;
		};
		5DDC0F9116FCF9790019E5CC /* Release */ = {
			isa = XCBuildConfiguration;
			buildSettings = {
				CODE_SIGN_IDENTITY = "iPhone Distribution";
				"CODE_SIGN_IDENTITY[sdk=iphoneos*]" = "iPhone Distribution";
				GCC_PRECOMPILE_PREFIX_HEADER = YES;
				GCC_PREFIX_HEADER = "NotificareDemoApp/NotificareDemoApp-Prefix.pch";
				INFOPLIST_FILE = "NotificareDemoApp/NotificareDemoApp-Info.plist";
				LIBRARY_SEARCH_PATHS = (
					"$(inherited)",
					"\\\\\\\\\\\\\\\\\\\\\\\\\\\\\\\"$(SRCROOT)/NotificareDemoApp\\\\\\\\\\\\\\\\\\\\\\\\\\\\\\\"",
					"/Users/joeloliveira/Documents/iOSDevelopment/Projects/notificare-demo-ios/NotificareDemoApp/Libs/notificare-push-lib-1.0-RC1",
				);
				OTHER_LDFLAGS = "-all_load";
				PRODUCT_NAME = "$(TARGET_NAME)";
				PROVISIONING_PROFILE = "";
				"PROVISIONING_PROFILE[sdk=iphoneos*]" = "";
				VALID_ARCHS = "arm64 armv7 armv7s i386";
				WRAPPER_EXTENSION = app;
			};
			name = Release;
		};
		5DDC0F9216FCF98A0019E5CC /* AdHoc */ = {
			isa = XCBuildConfiguration;
			buildSettings = {
				ALWAYS_SEARCH_USER_PATHS = NO;
				CLANG_CXX_LANGUAGE_STANDARD = "gnu++0x";
				CLANG_CXX_LIBRARY = "libc++";
				CLANG_ENABLE_OBJC_ARC = YES;
				CLANG_WARN_CONSTANT_CONVERSION = YES;
				CLANG_WARN_EMPTY_BODY = YES;
				CLANG_WARN_ENUM_CONVERSION = YES;
				CLANG_WARN_INT_CONVERSION = YES;
				CLANG_WARN__DUPLICATE_METHOD_MATCH = YES;
				CODE_SIGN_IDENTITY = "iPhone Distribution: Media Overview B.V. (HY7WGYR4J7)";
				"CODE_SIGN_IDENTITY[sdk=iphoneos*]" = "iPhone Distribution: Media Overview B.V. (HY7WGYR4J7)";
				COPY_PHASE_STRIP = NO;
				GCC_C_LANGUAGE_STANDARD = gnu99;
				GCC_DYNAMIC_NO_PIC = NO;
				GCC_OPTIMIZATION_LEVEL = 0;
				GCC_PREPROCESSOR_DEFINITIONS = (
					"DEBUG=1",
					"$(inherited)",
				);
				GCC_SYMBOLS_PRIVATE_EXTERN = NO;
				GCC_WARN_ABOUT_RETURN_TYPE = YES;
				GCC_WARN_UNINITIALIZED_AUTOS = YES;
				GCC_WARN_UNUSED_VARIABLE = YES;
				IPHONEOS_DEPLOYMENT_TARGET = 6.1;
				ONLY_ACTIVE_ARCH = NO;
				PROVISIONING_PROFILE = "1CE9F0A8-483F-4B52-BBB4-322F6B5595F0";
				"PROVISIONING_PROFILE[sdk=iphoneos*]" = "1CE9F0A8-483F-4B52-BBB4-322F6B5595F0";
				SDKROOT = iphoneos;
				TARGETED_DEVICE_FAMILY = "1,2";
				VALID_ARCHS = "arm64 armv7 armv7s i386";
			};
			name = AdHoc;
		};
		5DDC0F9316FCF98A0019E5CC /* AdHoc */ = {
			isa = XCBuildConfiguration;
			buildSettings = {
				CODE_SIGN_IDENTITY = "iPhone Distribution: Media Overview B.V. (HY7WGYR4J7)";
				"CODE_SIGN_IDENTITY[sdk=iphoneos*]" = "iPhone Distribution: Media Overview B.V. (HY7WGYR4J7)";
				GCC_PRECOMPILE_PREFIX_HEADER = YES;
				GCC_PREFIX_HEADER = "NotificareDemoApp/NotificareDemoApp-Prefix.pch";
				INFOPLIST_FILE = "NotificareDemoApp/NotificareDemoApp-Info.plist";
				LIBRARY_SEARCH_PATHS = (
					"$(inherited)",
					"\\\\\\\\\\\\\\\\\\\\\\\\\\\\\\\"$(SRCROOT)/NotificareDemoApp\\\\\\\\\\\\\\\\\\\\\\\\\\\\\\\"",
					"/Users/joeloliveira/Documents/iOSDevelopment/Projects/notificare-demo-ios/NotificareDemoApp/Libs/notificare-push-lib-1.0-RC1",
				);
				OTHER_LDFLAGS = "-all_load";
				PRODUCT_NAME = "$(TARGET_NAME)";
				PROVISIONING_PROFILE = "1CE9F0A8-483F-4B52-BBB4-322F6B5595F0";
				"PROVISIONING_PROFILE[sdk=iphoneos*]" = "1CE9F0A8-483F-4B52-BBB4-322F6B5595F0";
				VALID_ARCHS = "arm64 armv7 armv7s i386";
				WRAPPER_EXTENSION = app;
			};
			name = AdHoc;
		};
/* End XCBuildConfiguration section */

/* Begin XCConfigurationList section */
		5DDC0F5916FCF9780019E5CC /* Build configuration list for PBXProject "NotificareDemoApp" */ = {
			isa = XCConfigurationList;
			buildConfigurations = (
				5DDC0F8D16FCF9790019E5CC /* Debug */,
				5DDC0F9216FCF98A0019E5CC /* AdHoc */,
				5DDC0F8E16FCF9790019E5CC /* Release */,
			);
			defaultConfigurationIsVisible = 0;
			defaultConfigurationName = Release;
		};
		5DDC0F8F16FCF9790019E5CC /* Build configuration list for PBXNativeTarget "NotificareDemoApp" */ = {
			isa = XCConfigurationList;
			buildConfigurations = (
				5DDC0F9016FCF9790019E5CC /* Debug */,
				5DDC0F9316FCF98A0019E5CC /* AdHoc */,
				5DDC0F9116FCF9790019E5CC /* Release */,
			);
			defaultConfigurationIsVisible = 0;
			defaultConfigurationName = Release;
		};
/* End XCConfigurationList section */
	};
	rootObject = 5DDC0F5616FCF9780019E5CC /* Project object */;
}
